// !$*UTF8*$!
{
	archiveVersion = 1;
	classes = {
	};
	objectVersion = 46;
	objects = {

/* Begin PBXBuildFile section */
		040300881D8670A000359C7B /* JZSchoolModel.m in Sources */ = {isa = PBXBuildFile; fileRef = 040300871D8670A000359C7B /* JZSchoolModel.m */; };
		0403008B1D86929900359C7B /* JZSchoolCell.m in Sources */ = {isa = PBXBuildFile; fileRef = 0403008A1D86929900359C7B /* JZSchoolCell.m */; };
		0403008E1D869A4A00359C7B /* ZYAllCourseViewController.m in Sources */ = {isa = PBXBuildFile; fileRef = 0403008D1D869A4A00359C7B /* ZYAllCourseViewController.m */; };
		040300911D86A17400359C7B /* JZAllCourseCell.m in Sources */ = {isa = PBXBuildFile; fileRef = 040300901D86A17400359C7B /* JZAllCourseCell.m */; };
		040300941D86A25600359C7B /* JZAllCourseModel.m in Sources */ = {isa = PBXBuildFile; fileRef = 040300931D86A25600359C7B /* JZAllCourseModel.m */; };
		040300971D86A2AB00359C7B /* JZCateModel.m in Sources */ = {isa = PBXBuildFile; fileRef = 040300961D86A2AB00359C7B /* JZCateModel.m */; };
		04031E7F1D83AD0C00D6232C /* ZYCourseDetailViewController.m in Sources */ = {isa = PBXBuildFile; fileRef = 04031E7E1D83AD0C00D6232C /* ZYCourseDetailViewController.m */; };
		04031E821D83B35800D6232C /* ZYCateViewController.m in Sources */ = {isa = PBXBuildFile; fileRef = 04031E811D83B35800D6232C /* ZYCateViewController.m */; };
		04031E841D83B55300D6232C /* classCategory.plist in Resources */ = {isa = PBXBuildFile; fileRef = 04031E831D83B55300D6232C /* classCategory.plist */; };
		04031E881D84188F00D6232C /* JZCourseDetailModel.m in Sources */ = {isa = PBXBuildFile; fileRef = 04031E871D84188F00D6232C /* JZCourseDetailModel.m */; };
		04031E8B1D841A3F00D6232C /* JZStepListModel.m in Sources */ = {isa = PBXBuildFile; fileRef = 04031E8A1D841A3F00D6232C /* JZStepListModel.m */; };
		04031E8E1D841B3400D6232C /* JZClassListModel.m in Sources */ = {isa = PBXBuildFile; fileRef = 04031E8D1D841B3400D6232C /* JZClassListModel.m */; };
		04031E911D843E0B00D6232C /* ZYCourseInfoViewController.m in Sources */ = {isa = PBXBuildFile; fileRef = 04031E901D843E0B00D6232C /* ZYCourseInfoViewController.m */; };
		04031E941D843F8700D6232C /* ZYCourseEvaluationViewController.m in Sources */ = {isa = PBXBuildFile; fileRef = 04031E931D843F8700D6232C /* ZYCourseEvaluationViewController.m */; };
		04031E971D84454E00D6232C /* ZYCourseDetailInfoCell.m in Sources */ = {isa = PBXBuildFile; fileRef = 04031E961D84454E00D6232C /* ZYCourseDetailInfoCell.m */; };
		04031E9A1D84525100D6232C /* ZYCourseClassCell.m in Sources */ = {isa = PBXBuildFile; fileRef = 04031E991D84525100D6232C /* ZYCourseClassCell.m */; };
		04031E9D1D84609B00D6232C /* ZYSchoolViewController.m in Sources */ = {isa = PBXBuildFile; fileRef = 04031E9C1D84609B00D6232C /* ZYSchoolViewController.m */; };
		04031EA01D8468DB00D6232C /* NSString+Size.m in Sources */ = {isa = PBXBuildFile; fileRef = 04031E9F1D8468DB00D6232C /* NSString+Size.m */; };
		040973D11D8C108500A3D9C9 /* JZVideoPlayerView.m in Sources */ = {isa = PBXBuildFile; fileRef = 040973C01D8C108500A3D9C9 /* JZVideoPlayerView.m */; };
		040973D21D8C108500A3D9C9 /* account_cache_isplay@2x.png in Resources */ = {isa = PBXBuildFile; fileRef = 040973C11D8C108500A3D9C9 /* account_cache_isplay@2x.png */; };
		040973D31D8C108500A3D9C9 /* back@2x.png in Resources */ = {isa = PBXBuildFile; fileRef = 040973C21D8C108500A3D9C9 /* back@2x.png */; };
		040973D41D8C108500A3D9C9 /* bg_rss_head.png in Resources */ = {isa = PBXBuildFile; fileRef = 040973C31D8C108500A3D9C9 /* bg_rss_head.png */; };
		040973D51D8C108500A3D9C9 /* full_pause_icon.png in Resources */ = {isa = PBXBuildFile; fileRef = 040973C41D8C108500A3D9C9 /* full_pause_icon.png */; };
		040973D61D8C108500A3D9C9 /* full_play_icon.png in Resources */ = {isa = PBXBuildFile; fileRef = 040973C51D8C108500A3D9C9 /* full_play_icon.png */; };
		040973D71D8C108500A3D9C9 /* point_normal.png in Resources */ = {isa = PBXBuildFile; fileRef = 040973C61D8C108500A3D9C9 /* point_normal.png */; };
		040973D81D8C108500A3D9C9 /* point_selected.png in Resources */ = {isa = PBXBuildFile; fileRef = 040973C71D8C108500A3D9C9 /* point_selected.png */; };
		040973D91D8C108500A3D9C9 /* zoomin.png in Resources */ = {isa = PBXBuildFile; fileRef = 040973C81D8C108500A3D9C9 /* zoomin.png */; };
		040973DA1D8C108500A3D9C9 /* zoomin1.png in Resources */ = {isa = PBXBuildFile; fileRef = 040973C91D8C108500A3D9C9 /* zoomin1.png */; };
		040973DB1D8C108500A3D9C9 /* zoomin@2x.png in Resources */ = {isa = PBXBuildFile; fileRef = 040973CA1D8C108500A3D9C9 /* zoomin@2x.png */; };
		040973DC1D8C108500A3D9C9 /* zoomout.png in Resources */ = {isa = PBXBuildFile; fileRef = 040973CB1D8C108500A3D9C9 /* zoomout.png */; };
		040973DD1D8C108500A3D9C9 /* zoomout1.png in Resources */ = {isa = PBXBuildFile; fileRef = 040973CC1D8C108500A3D9C9 /* zoomout1.png */; };
		040973DE1D8C108500A3D9C9 /* zoomout2.png in Resources */ = {isa = PBXBuildFile; fileRef = 040973CD1D8C108500A3D9C9 /* zoomout2.png */; };
		040973DF1D8C108500A3D9C9 /* zoomout@2x.png in Resources */ = {isa = PBXBuildFile; fileRef = 040973CE1D8C108500A3D9C9 /* zoomout@2x.png */; };
		040973E21D8C111E00A3D9C9 /* VedioDetailViewController.m in Sources */ = {isa = PBXBuildFile; fileRef = 040973E11D8C111E00A3D9C9 /* VedioDetailViewController.m */; };
		040973E51D8C362A00A3D9C9 /* ZYKeDaRegisterManager.m in Sources */ = {isa = PBXBuildFile; fileRef = 040973E41D8C362A00A3D9C9 /* ZYKeDaRegisterManager.m */; };
		040973E71D8C3A2A00A3D9C9 /* iflyMSC.framework in Frameworks */ = {isa = PBXBuildFile; fileRef = 040973E61D8C3A2A00A3D9C9 /* iflyMSC.framework */; };
		040973E91D8C3A8200A3D9C9 /* libz.tbd in Frameworks */ = {isa = PBXBuildFile; fileRef = 040973E81D8C3A8200A3D9C9 /* libz.tbd */; };
		040973EB1D8C3AA700A3D9C9 /* CoreTelephony.framework in Frameworks */ = {isa = PBXBuildFile; fileRef = 040973EA1D8C3AA700A3D9C9 /* CoreTelephony.framework */; };
		040973ED1D8C41AA00A3D9C9 /* CoreLocation.framework in Frameworks */ = {isa = PBXBuildFile; fileRef = 040973EC1D8C41A900A3D9C9 /* CoreLocation.framework */; };
		040973EF1D8C41B900A3D9C9 /* AVFoundation.framework in Frameworks */ = {isa = PBXBuildFile; fileRef = 040973EE1D8C41B900A3D9C9 /* AVFoundation.framework */; };
		040973F11D8C41CB00A3D9C9 /* AddressBook.framework in Frameworks */ = {isa = PBXBuildFile; fileRef = 040973F01D8C41CB00A3D9C9 /* AddressBook.framework */; };
		040973F31D8C41D800A3D9C9 /* AudioToolbox.framework in Frameworks */ = {isa = PBXBuildFile; fileRef = 040973F21D8C41D800A3D9C9 /* AudioToolbox.framework */; };
		040973F51D8C41E300A3D9C9 /* SystemConfiguration.framework in Frameworks */ = {isa = PBXBuildFile; fileRef = 040973F41D8C41E300A3D9C9 /* SystemConfiguration.framework */; };
		040973F71D8C41ED00A3D9C9 /* QuartzCore.framework in Frameworks */ = {isa = PBXBuildFile; fileRef = 040973F61D8C41ED00A3D9C9 /* QuartzCore.framework */; };
		040973F91D8C41F500A3D9C9 /* UIKit.framework in Frameworks */ = {isa = PBXBuildFile; fileRef = 040973F81D8C41F500A3D9C9 /* UIKit.framework */; };
		040973FB1D8C41FF00A3D9C9 /* Foundation.framework in Frameworks */ = {isa = PBXBuildFile; fileRef = 040973FA1D8C41FF00A3D9C9 /* Foundation.framework */; };
		040973FD1D8C420700A3D9C9 /* CoreGraphics.framework in Frameworks */ = {isa = PBXBuildFile; fileRef = 040973FC1D8C420700A3D9C9 /* CoreGraphics.framework */; };
		040973FF1D8C422700A3D9C9 /* libc++.tbd in Frameworks */ = {isa = PBXBuildFile; fileRef = 040973FE1D8C422700A3D9C9 /* libc++.tbd */; };
		040974011D8C437B00A3D9C9 /* iflyMSC.framework in Frameworks */ = {isa = PBXBuildFile; fileRef = 040974001D8C437B00A3D9C9 /* iflyMSC.framework */; };
		040D7F291D810351002C5AB4 /* main.m in Sources */ = {isa = PBXBuildFile; fileRef = 040D7F281D810351002C5AB4 /* main.m */; };
		040D7F671D8113DC002C5AB4 /* AppDelegate.m in Sources */ = {isa = PBXBuildFile; fileRef = 040D7F5F1D8113DC002C5AB4 /* AppDelegate.m */; };
		040D7F681D8113DC002C5AB4 /* Assets.xcassets in Resources */ = {isa = PBXBuildFile; fileRef = 040D7F601D8113DC002C5AB4 /* Assets.xcassets */; };
		040D7F691D8113DC002C5AB4 /* LaunchScreen.storyboard in Resources */ = {isa = PBXBuildFile; fileRef = 040D7F611D8113DC002C5AB4 /* LaunchScreen.storyboard */; };
		040D7F6A1D8113DC002C5AB4 /* Main.storyboard in Resources */ = {isa = PBXBuildFile; fileRef = 040D7F631D8113DC002C5AB4 /* Main.storyboard */; };
		040D7F6F1D81149B002C5AB4 /* UIImage+Image.m in Sources */ = {isa = PBXBuildFile; fileRef = 040D7F6E1D81149B002C5AB4 /* UIImage+Image.m */; };
		040D7F721D8114B0002C5AB4 /* UIColor+Hex.m in Sources */ = {isa = PBXBuildFile; fileRef = 040D7F711D8114B0002C5AB4 /* UIColor+Hex.m */; };
		040D7F7C1D81161D002C5AB4 /* ZYNavigationController.m in Sources */ = {isa = PBXBuildFile; fileRef = 040D7F771D81161D002C5AB4 /* ZYNavigationController.m */; };
		0410FE471D8A697B00A3F692 /* JSRegisterManager.m in Sources */ = {isa = PBXBuildFile; fileRef = 0410FE461D8A697B00A3F692 /* JSRegisterManager.m */; };
		0410FE4D1D8A6A2E00A3F692 /* JSShareItemButton.m in Sources */ = {isa = PBXBuildFile; fileRef = 0410FE4A1D8A6A2E00A3F692 /* JSShareItemButton.m */; };
		0410FE4E1D8A6A2E00A3F692 /* JSShareView.m in Sources */ = {isa = PBXBuildFile; fileRef = 0410FE4C1D8A6A2E00A3F692 /* JSShareView.m */; };
		0410FE511D8A6A9900A3F692 /* UIView+YYAdd.m in Sources */ = {isa = PBXBuildFile; fileRef = 0410FE501D8A6A9900A3F692 /* UIView+YYAdd.m */; };
		0458429C1D84F08B00DEA94C /* JZEvalModel.m in Sources */ = {isa = PBXBuildFile; fileRef = 0458429B1D84F08B00DEA94C /* JZEvalModel.m */; };
		0458429F1D84FE2D00DEA94C /* JZEvalCell.m in Sources */ = {isa = PBXBuildFile; fileRef = 0458429E1D84FE2D00DEA94C /* JZEvalCell.m */; };
		0474EF0A1D826FF100570AA2 /* ZYNetTools.m in Sources */ = {isa = PBXBuildFile; fileRef = 0474EF091D826FF100570AA2 /* ZYNetTools.m */; };
		0474EF111D82A3AC00570AA2 /* JZFocusListModel.m in Sources */ = {isa = PBXBuildFile; fileRef = 0474EF0C1D82A3AC00570AA2 /* JZFocusListModel.m */; };
		0474EF121D82A3AC00570AA2 /* JZCourseListModel.m in Sources */ = {isa = PBXBuildFile; fileRef = 0474EF0E1D82A3AC00570AA2 /* JZCourseListModel.m */; };
		0474EF131D82A3AC00570AA2 /* JZAlbumListModel.m in Sources */ = {isa = PBXBuildFile; fileRef = 0474EF101D82A3AC00570AA2 /* JZAlbumListModel.m */; };
		0474EF161D82E32B00570AA2 /* iCategoryList.plist in Resources */ = {isa = PBXBuildFile; fileRef = 0474EF141D82E32B00570AA2 /* iCategoryList.plist */; };
		0474EF171D82E32B00570AA2 /* InfoConfig.plist in Resources */ = {isa = PBXBuildFile; fileRef = 0474EF151D82E32B00570AA2 /* InfoConfig.plist */; };
		0474EF1D1D82E7B600570AA2 /* ImageScrollCell.m in Sources */ = {isa = PBXBuildFile; fileRef = 0474EF191D82E7B600570AA2 /* ImageScrollCell.m */; };
		0474EF1E1D82E7B600570AA2 /* ImageScrollView.m in Sources */ = {isa = PBXBuildFile; fileRef = 0474EF1B1D82E7B600570AA2 /* ImageScrollView.m */; };
		0474EF211D82F11F00570AA2 /* JZAlbumCell.m in Sources */ = {isa = PBXBuildFile; fileRef = 0474EF201D82F11F00570AA2 /* JZAlbumCell.m */; };
		0474EF241D82F22700570AA2 /* JZCourseCell.m in Sources */ = {isa = PBXBuildFile; fileRef = 0474EF231D82F22700570AA2 /* JZCourseCell.m */; };
		04EC4D821D81186F00425CBD /* ZYTabBarVc.m in Sources */ = {isa = PBXBuildFile; fileRef = 04EC4D811D81186F00425CBD /* ZYTabBarVc.m */; };
		04EC4D861D811D3B00425CBD /* ZYCateTableViewController.m in Sources */ = {isa = PBXBuildFile; fileRef = 04EC4D851D811D3B00425CBD /* ZYCateTableViewController.m */; };
		04EC4D891D811D7800425CBD /* ZYMineViewController.m in Sources */ = {isa = PBXBuildFile; fileRef = 04EC4D881D811D7800425CBD /* ZYMineViewController.m */; };
		04EC4D8C1D811DE000425CBD /* ZYDownLoadViewController.m in Sources */ = {isa = PBXBuildFile; fileRef = 04EC4D8B1D811DE000425CBD /* ZYDownLoadViewController.m */; };
		04EC4D8F1D8126B100425CBD /* ZYCourseNavBarView.m in Sources */ = {isa = PBXBuildFile; fileRef = 04EC4D8E1D8126B100425CBD /* ZYCourseNavBarView.m */; };
		04EC4D951D819B0A00425CBD /* ZYSpeechViewController.m in Sources */ = {isa = PBXBuildFile; fileRef = 04EC4D941D819B0A00425CBD /* ZYSpeechViewController.m */; };
		24ECCC8D29692AE2F2ACBC96 /* libPods.a in Frameworks */ = {isa = PBXBuildFile; fileRef = E142C2BF9755C0B4E4CEA51A /* libPods.a */; };
/* End PBXBuildFile section */

/* Begin PBXFileReference section */
		040300861D8670A000359C7B /* JZSchoolModel.h */ = {isa = PBXFileReference; fileEncoding = 4; lastKnownFileType = sourcecode.c.h; path = JZSchoolModel.h; sourceTree = "<group>"; };
		040300871D8670A000359C7B /* JZSchoolModel.m */ = {isa = PBXFileReference; fileEncoding = 4; lastKnownFileType = sourcecode.c.objc; path = JZSchoolModel.m; sourceTree = "<group>"; };
		040300891D86929900359C7B /* JZSchoolCell.h */ = {isa = PBXFileReference; fileEncoding = 4; lastKnownFileType = sourcecode.c.h; path = JZSchoolCell.h; sourceTree = "<group>"; };
		0403008A1D86929900359C7B /* JZSchoolCell.m */ = {isa = PBXFileReference; fileEncoding = 4; lastKnownFileType = sourcecode.c.objc; path = JZSchoolCell.m; sourceTree = "<group>"; };
		0403008C1D869A4A00359C7B /* ZYAllCourseViewController.h */ = {isa = PBXFileReference; fileEncoding = 4; lastKnownFileType = sourcecode.c.h; path = ZYAllCourseViewController.h; sourceTree = "<group>"; };
		0403008D1D869A4A00359C7B /* ZYAllCourseViewController.m */ = {isa = PBXFileReference; fileEncoding = 4; lastKnownFileType = sourcecode.c.objc; path = ZYAllCourseViewController.m; sourceTree = "<group>"; };
		0403008F1D86A17400359C7B /* JZAllCourseCell.h */ = {isa = PBXFileReference; fileEncoding = 4; lastKnownFileType = sourcecode.c.h; path = JZAllCourseCell.h; sourceTree = "<group>"; };
		040300901D86A17400359C7B /* JZAllCourseCell.m */ = {isa = PBXFileReference; fileEncoding = 4; lastKnownFileType = sourcecode.c.objc; path = JZAllCourseCell.m; sourceTree = "<group>"; };
		040300921D86A25600359C7B /* JZAllCourseModel.h */ = {isa = PBXFileReference; fileEncoding = 4; lastKnownFileType = sourcecode.c.h; path = JZAllCourseModel.h; sourceTree = "<group>"; };
		040300931D86A25600359C7B /* JZAllCourseModel.m */ = {isa = PBXFileReference; fileEncoding = 4; lastKnownFileType = sourcecode.c.objc; path = JZAllCourseModel.m; sourceTree = "<group>"; };
		040300951D86A2AB00359C7B /* JZCateModel.h */ = {isa = PBXFileReference; fileEncoding = 4; lastKnownFileType = sourcecode.c.h; path = JZCateModel.h; sourceTree = "<group>"; };
		040300961D86A2AB00359C7B /* JZCateModel.m */ = {isa = PBXFileReference; fileEncoding = 4; lastKnownFileType = sourcecode.c.objc; path = JZCateModel.m; sourceTree = "<group>"; };
		04031E7D1D83AD0C00D6232C /* ZYCourseDetailViewController.h */ = {isa = PBXFileReference; fileEncoding = 4; lastKnownFileType = sourcecode.c.h; path = ZYCourseDetailViewController.h; sourceTree = "<group>"; };
		04031E7E1D83AD0C00D6232C /* ZYCourseDetailViewController.m */ = {isa = PBXFileReference; fileEncoding = 4; lastKnownFileType = sourcecode.c.objc; path = ZYCourseDetailViewController.m; sourceTree = "<group>"; };
		04031E801D83B35800D6232C /* ZYCateViewController.h */ = {isa = PBXFileReference; fileEncoding = 4; lastKnownFileType = sourcecode.c.h; path = ZYCateViewController.h; sourceTree = "<group>"; };
		04031E811D83B35800D6232C /* ZYCateViewController.m */ = {isa = PBXFileReference; fileEncoding = 4; lastKnownFileType = sourcecode.c.objc; path = ZYCateViewController.m; sourceTree = "<group>"; };
		04031E831D83B55300D6232C /* classCategory.plist */ = {isa = PBXFileReference; fileEncoding = 4; lastKnownFileType = text.plist.xml; path = classCategory.plist; sourceTree = "<group>"; };
		04031E851D8411E300D6232C /* Constant.h */ = {isa = PBXFileReference; lastKnownFileType = sourcecode.c.h; name = Constant.h; path = "../../../../../Desktop/chuanke-master/chuanke/Others/3tdParts/LoopView/Constant.h"; sourceTree = "<group>"; };
		04031E861D84188F00D6232C /* JZCourseDetailModel.h */ = {isa = PBXFileReference; fileEncoding = 4; lastKnownFileType = sourcecode.c.h; path = JZCourseDetailModel.h; sourceTree = "<group>"; };
		04031E871D84188F00D6232C /* JZCourseDetailModel.m */ = {isa = PBXFileReference; fileEncoding = 4; lastKnownFileType = sourcecode.c.objc; path = JZCourseDetailModel.m; sourceTree = "<group>"; };
		04031E891D841A3F00D6232C /* JZStepListModel.h */ = {isa = PBXFileReference; fileEncoding = 4; lastKnownFileType = sourcecode.c.h; path = JZStepListModel.h; sourceTree = "<group>"; };
		04031E8A1D841A3F00D6232C /* JZStepListModel.m */ = {isa = PBXFileReference; fileEncoding = 4; lastKnownFileType = sourcecode.c.objc; path = JZStepListModel.m; sourceTree = "<group>"; };
		04031E8C1D841B3400D6232C /* JZClassListModel.h */ = {isa = PBXFileReference; fileEncoding = 4; lastKnownFileType = sourcecode.c.h; path = JZClassListModel.h; sourceTree = "<group>"; };
		04031E8D1D841B3400D6232C /* JZClassListModel.m */ = {isa = PBXFileReference; fileEncoding = 4; lastKnownFileType = sourcecode.c.objc; path = JZClassListModel.m; sourceTree = "<group>"; };
		04031E8F1D843E0B00D6232C /* ZYCourseInfoViewController.h */ = {isa = PBXFileReference; fileEncoding = 4; lastKnownFileType = sourcecode.c.h; path = ZYCourseInfoViewController.h; sourceTree = "<group>"; };
		04031E901D843E0B00D6232C /* ZYCourseInfoViewController.m */ = {isa = PBXFileReference; fileEncoding = 4; lastKnownFileType = sourcecode.c.objc; path = ZYCourseInfoViewController.m; sourceTree = "<group>"; };
		04031E921D843F8700D6232C /* ZYCourseEvaluationViewController.h */ = {isa = PBXFileReference; fileEncoding = 4; lastKnownFileType = sourcecode.c.h; path = ZYCourseEvaluationViewController.h; sourceTree = "<group>"; };
		04031E931D843F8700D6232C /* ZYCourseEvaluationViewController.m */ = {isa = PBXFileReference; fileEncoding = 4; lastKnownFileType = sourcecode.c.objc; path = ZYCourseEvaluationViewController.m; sourceTree = "<group>"; };
		04031E951D84454E00D6232C /* ZYCourseDetailInfoCell.h */ = {isa = PBXFileReference; fileEncoding = 4; lastKnownFileType = sourcecode.c.h; path = ZYCourseDetailInfoCell.h; sourceTree = "<group>"; };
		04031E961D84454E00D6232C /* ZYCourseDetailInfoCell.m */ = {isa = PBXFileReference; fileEncoding = 4; lastKnownFileType = sourcecode.c.objc; path = ZYCourseDetailInfoCell.m; sourceTree = "<group>"; };
		04031E981D84525100D6232C /* ZYCourseClassCell.h */ = {isa = PBXFileReference; fileEncoding = 4; lastKnownFileType = sourcecode.c.h; path = ZYCourseClassCell.h; sourceTree = "<group>"; };
		04031E991D84525100D6232C /* ZYCourseClassCell.m */ = {isa = PBXFileReference; fileEncoding = 4; lastKnownFileType = sourcecode.c.objc; path = ZYCourseClassCell.m; sourceTree = "<group>"; };
		04031E9B1D84609B00D6232C /* ZYSchoolViewController.h */ = {isa = PBXFileReference; fileEncoding = 4; lastKnownFileType = sourcecode.c.h; path = ZYSchoolViewController.h; sourceTree = "<group>"; };
		04031E9C1D84609B00D6232C /* ZYSchoolViewController.m */ = {isa = PBXFileReference; fileEncoding = 4; lastKnownFileType = sourcecode.c.objc; path = ZYSchoolViewController.m; sourceTree = "<group>"; };
		04031E9E1D8468DB00D6232C /* NSString+Size.h */ = {isa = PBXFileReference; fileEncoding = 4; lastKnownFileType = sourcecode.c.h; path = "NSString+Size.h"; sourceTree = "<group>"; };
		04031E9F1D8468DB00D6232C /* NSString+Size.m */ = {isa = PBXFileReference; fileEncoding = 4; lastKnownFileType = sourcecode.c.objc; path = "NSString+Size.m"; sourceTree = "<group>"; };
		040973BF1D8C108500A3D9C9 /* JZVideoPlayerView.h */ = {isa = PBXFileReference; fileEncoding = 4; lastKnownFileType = sourcecode.c.h; path = JZVideoPlayerView.h; sourceTree = "<group>"; };
		040973C01D8C108500A3D9C9 /* JZVideoPlayerView.m */ = {isa = PBXFileReference; fileEncoding = 4; lastKnownFileType = sourcecode.c.objc; path = JZVideoPlayerView.m; sourceTree = "<group>"; };
		040973C11D8C108500A3D9C9 /* account_cache_isplay@2x.png */ = {isa = PBXFileReference; lastKnownFileType = image.png; path = "account_cache_isplay@2x.png"; sourceTree = "<group>"; };
		040973C21D8C108500A3D9C9 /* back@2x.png */ = {isa = PBXFileReference; lastKnownFileType = image.png; path = "back@2x.png"; sourceTree = "<group>"; };
		040973C31D8C108500A3D9C9 /* bg_rss_head.png */ = {isa = PBXFileReference; lastKnownFileType = image.png; path = bg_rss_head.png; sourceTree = "<group>"; };
		040973C41D8C108500A3D9C9 /* full_pause_icon.png */ = {isa = PBXFileReference; lastKnownFileType = image.png; path = full_pause_icon.png; sourceTree = "<group>"; };
		040973C51D8C108500A3D9C9 /* full_play_icon.png */ = {isa = PBXFileReference; lastKnownFileType = image.png; path = full_play_icon.png; sourceTree = "<group>"; };
		040973C61D8C108500A3D9C9 /* point_normal.png */ = {isa = PBXFileReference; lastKnownFileType = image.png; path = point_normal.png; sourceTree = "<group>"; };
		040973C71D8C108500A3D9C9 /* point_selected.png */ = {isa = PBXFileReference; lastKnownFileType = image.png; path = point_selected.png; sourceTree = "<group>"; };
		040973C81D8C108500A3D9C9 /* zoomin.png */ = {isa = PBXFileReference; lastKnownFileType = image.png; path = zoomin.png; sourceTree = "<group>"; };
		040973C91D8C108500A3D9C9 /* zoomin1.png */ = {isa = PBXFileReference; lastKnownFileType = image.png; path = zoomin1.png; sourceTree = "<group>"; };
		040973CA1D8C108500A3D9C9 /* zoomin@2x.png */ = {isa = PBXFileReference; lastKnownFileType = image.png; path = "zoomin@2x.png"; sourceTree = "<group>"; };
		040973CB1D8C108500A3D9C9 /* zoomout.png */ = {isa = PBXFileReference; lastKnownFileType = image.png; path = zoomout.png; sourceTree = "<group>"; };
		040973CC1D8C108500A3D9C9 /* zoomout1.png */ = {isa = PBXFileReference; lastKnownFileType = image.png; path = zoomout1.png; sourceTree = "<group>"; };
		040973CD1D8C108500A3D9C9 /* zoomout2.png */ = {isa = PBXFileReference; lastKnownFileType = image.png; path = zoomout2.png; sourceTree = "<group>"; };
		040973CE1D8C108500A3D9C9 /* zoomout@2x.png */ = {isa = PBXFileReference; lastKnownFileType = image.png; path = "zoomout@2x.png"; sourceTree = "<group>"; };
		040973E01D8C111E00A3D9C9 /* VedioDetailViewController.h */ = {isa = PBXFileReference; fileEncoding = 4; lastKnownFileType = sourcecode.c.h; path = VedioDetailViewController.h; sourceTree = "<group>"; };
		040973E11D8C111E00A3D9C9 /* VedioDetailViewController.m */ = {isa = PBXFileReference; fileEncoding = 4; lastKnownFileType = sourcecode.c.objc; path = VedioDetailViewController.m; sourceTree = "<group>"; };
		040973E31D8C362A00A3D9C9 /* ZYKeDaRegisterManager.h */ = {isa = PBXFileReference; fileEncoding = 4; lastKnownFileType = sourcecode.c.h; path = ZYKeDaRegisterManager.h; sourceTree = "<group>"; };
		040973E41D8C362A00A3D9C9 /* ZYKeDaRegisterManager.m */ = {isa = PBXFileReference; fileEncoding = 4; lastKnownFileType = sourcecode.c.objc; path = ZYKeDaRegisterManager.m; sourceTree = "<group>"; };
		040973E61D8C3A2A00A3D9C9 /* iflyMSC.framework */ = {isa = PBXFileReference; lastKnownFileType = wrapper.framework; name = iflyMSC.framework; path = ../../Desktop/iOS_voice_1135_57dc01e8/lib/iflyMSC.framework; sourceTree = "<group>"; };
		040973E81D8C3A8200A3D9C9 /* libz.tbd */ = {isa = PBXFileReference; lastKnownFileType = "sourcecode.text-based-dylib-definition"; name = libz.tbd; path = usr/lib/libz.tbd; sourceTree = SDKROOT; };
		040973EA1D8C3AA700A3D9C9 /* CoreTelephony.framework */ = {isa = PBXFileReference; lastKnownFileType = wrapper.framework; name = CoreTelephony.framework; path = System/Library/Frameworks/CoreTelephony.framework; sourceTree = SDKROOT; };
		040973EC1D8C41A900A3D9C9 /* CoreLocation.framework */ = {isa = PBXFileReference; lastKnownFileType = wrapper.framework; name = CoreLocation.framework; path = System/Library/Frameworks/CoreLocation.framework; sourceTree = SDKROOT; };
		040973EE1D8C41B900A3D9C9 /* AVFoundation.framework */ = {isa = PBXFileReference; lastKnownFileType = wrapper.framework; name = AVFoundation.framework; path = System/Library/Frameworks/AVFoundation.framework; sourceTree = SDKROOT; };
		040973F01D8C41CB00A3D9C9 /* AddressBook.framework */ = {isa = PBXFileReference; lastKnownFileType = wrapper.framework; name = AddressBook.framework; path = System/Library/Frameworks/AddressBook.framework; sourceTree = SDKROOT; };
		040973F21D8C41D800A3D9C9 /* AudioToolbox.framework */ = {isa = PBXFileReference; lastKnownFileType = wrapper.framework; name = AudioToolbox.framework; path = System/Library/Frameworks/AudioToolbox.framework; sourceTree = SDKROOT; };
		040973F41D8C41E300A3D9C9 /* SystemConfiguration.framework */ = {isa = PBXFileReference; lastKnownFileType = wrapper.framework; name = SystemConfiguration.framework; path = System/Library/Frameworks/SystemConfiguration.framework; sourceTree = SDKROOT; };
		040973F61D8C41ED00A3D9C9 /* QuartzCore.framework */ = {isa = PBXFileReference; lastKnownFileType = wrapper.framework; name = QuartzCore.framework; path = System/Library/Frameworks/QuartzCore.framework; sourceTree = SDKROOT; };
		040973F81D8C41F500A3D9C9 /* UIKit.framework */ = {isa = PBXFileReference; lastKnownFileType = wrapper.framework; name = UIKit.framework; path = System/Library/Frameworks/UIKit.framework; sourceTree = SDKROOT; };
		040973FA1D8C41FF00A3D9C9 /* Foundation.framework */ = {isa = PBXFileReference; lastKnownFileType = wrapper.framework; name = Foundation.framework; path = System/Library/Frameworks/Foundation.framework; sourceTree = SDKROOT; };
		040973FC1D8C420700A3D9C9 /* CoreGraphics.framework */ = {isa = PBXFileReference; lastKnownFileType = wrapper.framework; name = CoreGraphics.framework; path = System/Library/Frameworks/CoreGraphics.framework; sourceTree = SDKROOT; };
		040973FE1D8C422700A3D9C9 /* libc++.tbd */ = {isa = PBXFileReference; lastKnownFileType = "sourcecode.text-based-dylib-definition"; name = "libc++.tbd"; path = "usr/lib/libc++.tbd"; sourceTree = SDKROOT; };
		040974001D8C437B00A3D9C9 /* iflyMSC.framework */ = {isa = PBXFileReference; lastKnownFileType = wrapper.framework; path = iflyMSC.framework; sourceTree = "<group>"; };
		040D7F241D810351002C5AB4 /* BDzhuangke.app */ = {isa = PBXFileReference; explicitFileType = wrapper.application; includeInIndex = 0; path = BDzhuangke.app; sourceTree = BUILT_PRODUCTS_DIR; };
		040D7F281D810351002C5AB4 /* main.m */ = {isa = PBXFileReference; lastKnownFileType = sourcecode.c.objc; path = main.m; sourceTree = "<group>"; };
		040D7F381D810351002C5AB4 /* Info.plist */ = {isa = PBXFileReference; lastKnownFileType = text.plist.xml; path = Info.plist; sourceTree = "<group>"; };
		040D7F5E1D8113DC002C5AB4 /* AppDelegate.h */ = {isa = PBXFileReference; fileEncoding = 4; lastKnownFileType = sourcecode.c.h; path = AppDelegate.h; sourceTree = "<group>"; };
		040D7F5F1D8113DC002C5AB4 /* AppDelegate.m */ = {isa = PBXFileReference; fileEncoding = 4; lastKnownFileType = sourcecode.c.objc; path = AppDelegate.m; sourceTree = "<group>"; };
		040D7F601D8113DC002C5AB4 /* Assets.xcassets */ = {isa = PBXFileReference; lastKnownFileType = folder.assetcatalog; path = Assets.xcassets; sourceTree = "<group>"; };
		040D7F621D8113DC002C5AB4 /* Base */ = {isa = PBXFileReference; lastKnownFileType = file.storyboard; name = Base; path = Base.lproj/LaunchScreen.storyboard; sourceTree = "<group>"; };
		040D7F641D8113DC002C5AB4 /* Base */ = {isa = PBXFileReference; lastKnownFileType = file.storyboard; name = Base; path = Base.lproj/Main.storyboard; sourceTree = "<group>"; };
		040D7F6D1D81149B002C5AB4 /* UIImage+Image.h */ = {isa = PBXFileReference; fileEncoding = 4; lastKnownFileType = sourcecode.c.h; path = "UIImage+Image.h"; sourceTree = "<group>"; };
		040D7F6E1D81149B002C5AB4 /* UIImage+Image.m */ = {isa = PBXFileReference; fileEncoding = 4; lastKnownFileType = sourcecode.c.objc; path = "UIImage+Image.m"; sourceTree = "<group>"; };
		040D7F701D8114B0002C5AB4 /* UIColor+Hex.h */ = {isa = PBXFileReference; fileEncoding = 4; lastKnownFileType = sourcecode.c.h; path = "UIColor+Hex.h"; sourceTree = "<group>"; };
		040D7F711D8114B0002C5AB4 /* UIColor+Hex.m */ = {isa = PBXFileReference; fileEncoding = 4; lastKnownFileType = sourcecode.c.objc; path = "UIColor+Hex.m"; sourceTree = "<group>"; };
		040D7F761D81161D002C5AB4 /* ZYNavigationController.h */ = {isa = PBXFileReference; fileEncoding = 4; lastKnownFileType = sourcecode.c.h; path = ZYNavigationController.h; sourceTree = "<group>"; };
		040D7F771D81161D002C5AB4 /* ZYNavigationController.m */ = {isa = PBXFileReference; fileEncoding = 4; lastKnownFileType = sourcecode.c.objc; path = ZYNavigationController.m; sourceTree = "<group>"; };
		0410FE451D8A697B00A3F692 /* JSRegisterManager.h */ = {isa = PBXFileReference; fileEncoding = 4; lastKnownFileType = sourcecode.c.h; path = JSRegisterManager.h; sourceTree = "<group>"; };
		0410FE461D8A697B00A3F692 /* JSRegisterManager.m */ = {isa = PBXFileReference; fileEncoding = 4; lastKnownFileType = sourcecode.c.objc; path = JSRegisterManager.m; sourceTree = "<group>"; };
		0410FE491D8A6A2E00A3F692 /* JSShareItemButton.h */ = {isa = PBXFileReference; fileEncoding = 4; lastKnownFileType = sourcecode.c.h; path = JSShareItemButton.h; sourceTree = "<group>"; };
		0410FE4A1D8A6A2E00A3F692 /* JSShareItemButton.m */ = {isa = PBXFileReference; fileEncoding = 4; lastKnownFileType = sourcecode.c.objc; path = JSShareItemButton.m; sourceTree = "<group>"; };
		0410FE4B1D8A6A2E00A3F692 /* JSShareView.h */ = {isa = PBXFileReference; fileEncoding = 4; lastKnownFileType = sourcecode.c.h; path = JSShareView.h; sourceTree = "<group>"; };
		0410FE4C1D8A6A2E00A3F692 /* JSShareView.m */ = {isa = PBXFileReference; fileEncoding = 4; lastKnownFileType = sourcecode.c.objc; path = JSShareView.m; sourceTree = "<group>"; };
		0410FE4F1D8A6A9900A3F692 /* UIView+YYAdd.h */ = {isa = PBXFileReference; fileEncoding = 4; lastKnownFileType = sourcecode.c.h; path = "UIView+YYAdd.h"; sourceTree = "<group>"; };
		0410FE501D8A6A9900A3F692 /* UIView+YYAdd.m */ = {isa = PBXFileReference; fileEncoding = 4; lastKnownFileType = sourcecode.c.objc; path = "UIView+YYAdd.m"; sourceTree = "<group>"; };
		0458429A1D84F08B00DEA94C /* JZEvalModel.h */ = {isa = PBXFileReference; fileEncoding = 4; lastKnownFileType = sourcecode.c.h; path = JZEvalModel.h; sourceTree = "<group>"; };
		0458429B1D84F08B00DEA94C /* JZEvalModel.m */ = {isa = PBXFileReference; fileEncoding = 4; lastKnownFileType = sourcecode.c.objc; path = JZEvalModel.m; sourceTree = "<group>"; };
		0458429D1D84FE2D00DEA94C /* JZEvalCell.h */ = {isa = PBXFileReference; fileEncoding = 4; lastKnownFileType = sourcecode.c.h; path = JZEvalCell.h; sourceTree = "<group>"; };
		0458429E1D84FE2D00DEA94C /* JZEvalCell.m */ = {isa = PBXFileReference; fileEncoding = 4; lastKnownFileType = sourcecode.c.objc; path = JZEvalCell.m; sourceTree = "<group>"; };
		0474EF081D826FF100570AA2 /* ZYNetTools.h */ = {isa = PBXFileReference; fileEncoding = 4; lastKnownFileType = sourcecode.c.h; path = ZYNetTools.h; sourceTree = "<group>"; };
		0474EF091D826FF100570AA2 /* ZYNetTools.m */ = {isa = PBXFileReference; fileEncoding = 4; lastKnownFileType = sourcecode.c.objc; path = ZYNetTools.m; sourceTree = "<group>"; };
		0474EF0B1D82A3AC00570AA2 /* JZFocusListModel.h */ = {isa = PBXFileReference; fileEncoding = 4; lastKnownFileType = sourcecode.c.h; path = JZFocusListModel.h; sourceTree = "<group>"; };
		0474EF0C1D82A3AC00570AA2 /* JZFocusListModel.m */ = {isa = PBXFileReference; fileEncoding = 4; lastKnownFileType = sourcecode.c.objc; path = JZFocusListModel.m; sourceTree = "<group>"; };
		0474EF0D1D82A3AC00570AA2 /* JZCourseListModel.h */ = {isa = PBXFileReference; fileEncoding = 4; lastKnownFileType = sourcecode.c.h; path = JZCourseListModel.h; sourceTree = "<group>"; };
		0474EF0E1D82A3AC00570AA2 /* JZCourseListModel.m */ = {isa = PBXFileReference; fileEncoding = 4; lastKnownFileType = sourcecode.c.objc; path = JZCourseListModel.m; sourceTree = "<group>"; };
		0474EF0F1D82A3AC00570AA2 /* JZAlbumListModel.h */ = {isa = PBXFileReference; fileEncoding = 4; lastKnownFileType = sourcecode.c.h; path = JZAlbumListModel.h; sourceTree = "<group>"; };
		0474EF101D82A3AC00570AA2 /* JZAlbumListModel.m */ = {isa = PBXFileReference; fileEncoding = 4; lastKnownFileType = sourcecode.c.objc; path = JZAlbumListModel.m; sourceTree = "<group>"; };
		0474EF141D82E32B00570AA2 /* iCategoryList.plist */ = {isa = PBXFileReference; lastKnownFileType = file.bplist; path = iCategoryList.plist; sourceTree = "<group>"; };
		0474EF151D82E32B00570AA2 /* InfoConfig.plist */ = {isa = PBXFileReference; lastKnownFileType = file.bplist; path = InfoConfig.plist; sourceTree = "<group>"; };
		0474EF181D82E7B600570AA2 /* ImageScrollCell.h */ = {isa = PBXFileReference; fileEncoding = 4; lastKnownFileType = sourcecode.c.h; path = ImageScrollCell.h; sourceTree = "<group>"; };
		0474EF191D82E7B600570AA2 /* ImageScrollCell.m */ = {isa = PBXFileReference; fileEncoding = 4; lastKnownFileType = sourcecode.c.objc; path = ImageScrollCell.m; sourceTree = "<group>"; };
		0474EF1A1D82E7B600570AA2 /* ImageScrollView.h */ = {isa = PBXFileReference; fileEncoding = 4; lastKnownFileType = sourcecode.c.h; path = ImageScrollView.h; sourceTree = "<group>"; };
		0474EF1B1D82E7B600570AA2 /* ImageScrollView.m */ = {isa = PBXFileReference; fileEncoding = 4; lastKnownFileType = sourcecode.c.objc; path = ImageScrollView.m; sourceTree = "<group>"; };
		0474EF1F1D82F11F00570AA2 /* JZAlbumCell.h */ = {isa = PBXFileReference; fileEncoding = 4; lastKnownFileType = sourcecode.c.h; path = JZAlbumCell.h; sourceTree = "<group>"; };
		0474EF201D82F11F00570AA2 /* JZAlbumCell.m */ = {isa = PBXFileReference; fileEncoding = 4; lastKnownFileType = sourcecode.c.objc; path = JZAlbumCell.m; sourceTree = "<group>"; };
		0474EF221D82F22700570AA2 /* JZCourseCell.h */ = {isa = PBXFileReference; fileEncoding = 4; lastKnownFileType = sourcecode.c.h; path = JZCourseCell.h; sourceTree = "<group>"; };
		0474EF231D82F22700570AA2 /* JZCourseCell.m */ = {isa = PBXFileReference; fileEncoding = 4; lastKnownFileType = sourcecode.c.objc; path = JZCourseCell.m; sourceTree = "<group>"; };
		04EC4D801D81186F00425CBD /* ZYTabBarVc.h */ = {isa = PBXFileReference; fileEncoding = 4; lastKnownFileType = sourcecode.c.h; path = ZYTabBarVc.h; sourceTree = "<group>"; };
		04EC4D811D81186F00425CBD /* ZYTabBarVc.m */ = {isa = PBXFileReference; fileEncoding = 4; lastKnownFileType = sourcecode.c.objc; path = ZYTabBarVc.m; sourceTree = "<group>"; };
		04EC4D831D81190600425CBD /* PrefixHeader.pch */ = {isa = PBXFileReference; lastKnownFileType = sourcecode.c.h; path = PrefixHeader.pch; sourceTree = "<group>"; };
		04EC4D841D811D3B00425CBD /* ZYCateTableViewController.h */ = {isa = PBXFileReference; fileEncoding = 4; lastKnownFileType = sourcecode.c.h; path = ZYCateTableViewController.h; sourceTree = "<group>"; };
		04EC4D851D811D3B00425CBD /* ZYCateTableViewController.m */ = {isa = PBXFileReference; fileEncoding = 4; lastKnownFileType = sourcecode.c.objc; path = ZYCateTableViewController.m; sourceTree = "<group>"; };
		04EC4D871D811D7800425CBD /* ZYMineViewController.h */ = {isa = PBXFileReference; fileEncoding = 4; lastKnownFileType = sourcecode.c.h; path = ZYMineViewController.h; sourceTree = "<group>"; };
		04EC4D881D811D7800425CBD /* ZYMineViewController.m */ = {isa = PBXFileReference; fileEncoding = 4; lastKnownFileType = sourcecode.c.objc; path = ZYMineViewController.m; sourceTree = "<group>"; };
		04EC4D8A1D811DE000425CBD /* ZYDownLoadViewController.h */ = {isa = PBXFileReference; fileEncoding = 4; lastKnownFileType = sourcecode.c.h; path = ZYDownLoadViewController.h; sourceTree = "<group>"; };
		04EC4D8B1D811DE000425CBD /* ZYDownLoadViewController.m */ = {isa = PBXFileReference; fileEncoding = 4; lastKnownFileType = sourcecode.c.objc; path = ZYDownLoadViewController.m; sourceTree = "<group>"; };
		04EC4D8D1D8126B100425CBD /* ZYCourseNavBarView.h */ = {isa = PBXFileReference; fileEncoding = 4; lastKnownFileType = sourcecode.c.h; path = ZYCourseNavBarView.h; sourceTree = "<group>"; };
		04EC4D8E1D8126B100425CBD /* ZYCourseNavBarView.m */ = {isa = PBXFileReference; fileEncoding = 4; lastKnownFileType = sourcecode.c.objc; path = ZYCourseNavBarView.m; sourceTree = "<group>"; };
		04EC4D931D819B0A00425CBD /* ZYSpeechViewController.h */ = {isa = PBXFileReference; fileEncoding = 4; lastKnownFileType = sourcecode.c.h; path = ZYSpeechViewController.h; sourceTree = "<group>"; };
		04EC4D941D819B0A00425CBD /* ZYSpeechViewController.m */ = {isa = PBXFileReference; fileEncoding = 4; lastKnownFileType = sourcecode.c.objc; path = ZYSpeechViewController.m; sourceTree = "<group>"; };
		4BBFA3AACD82431C4E1C40BD /* Pods.release.xcconfig */ = {isa = PBXFileReference; includeInIndex = 1; lastKnownFileType = text.xcconfig; name = Pods.release.xcconfig; path = "Pods/Target Support Files/Pods/Pods.release.xcconfig"; sourceTree = "<group>"; };
		DAFD73F8F956BAACF38542CF /* Pods.debug.xcconfig */ = {isa = PBXFileReference; includeInIndex = 1; lastKnownFileType = text.xcconfig; name = Pods.debug.xcconfig; path = "Pods/Target Support Files/Pods/Pods.debug.xcconfig"; sourceTree = "<group>"; };
		E142C2BF9755C0B4E4CEA51A /* libPods.a */ = {isa = PBXFileReference; explicitFileType = archive.ar; includeInIndex = 0; path = libPods.a; sourceTree = BUILT_PRODUCTS_DIR; };
/* End PBXFileReference section */

/* Begin PBXFrameworksBuildPhase section */
		040D7F211D810351002C5AB4 /* Frameworks */ = {
			isa = PBXFrameworksBuildPhase;
			buildActionMask = 2147483647;
			files = (
				040973FF1D8C422700A3D9C9 /* libc++.tbd in Frameworks */,
				040973FD1D8C420700A3D9C9 /* CoreGraphics.framework in Frameworks */,
				040973FB1D8C41FF00A3D9C9 /* Foundation.framework in Frameworks */,
				040974011D8C437B00A3D9C9 /* iflyMSC.framework in Frameworks */,
				040973F91D8C41F500A3D9C9 /* UIKit.framework in Frameworks */,
				040973F71D8C41ED00A3D9C9 /* QuartzCore.framework in Frameworks */,
				040973F51D8C41E300A3D9C9 /* SystemConfiguration.framework in Frameworks */,
				040973F31D8C41D800A3D9C9 /* AudioToolbox.framework in Frameworks */,
				040973F11D8C41CB00A3D9C9 /* AddressBook.framework in Frameworks */,
				040973EF1D8C41B900A3D9C9 /* AVFoundation.framework in Frameworks */,
				040973ED1D8C41AA00A3D9C9 /* CoreLocation.framework in Frameworks */,
				040973EB1D8C3AA700A3D9C9 /* CoreTelephony.framework in Frameworks */,
				040973E91D8C3A8200A3D9C9 /* libz.tbd in Frameworks */,
				040973E71D8C3A2A00A3D9C9 /* iflyMSC.framework in Frameworks */,
				24ECCC8D29692AE2F2ACBC96 /* libPods.a in Frameworks */,
			);
			runOnlyForDeploymentPostprocessing = 0;
		};
/* End PBXFrameworksBuildPhase section */

/* Begin PBXGroup section */
		040973CF1D8C108500A3D9C9 /* video */ = {
			isa = PBXGroup;
			children = (
				040973C11D8C108500A3D9C9 /* account_cache_isplay@2x.png */,
				040973C21D8C108500A3D9C9 /* back@2x.png */,
				040973C31D8C108500A3D9C9 /* bg_rss_head.png */,
				040973C41D8C108500A3D9C9 /* full_pause_icon.png */,
				040973C51D8C108500A3D9C9 /* full_play_icon.png */,
				040973C61D8C108500A3D9C9 /* point_normal.png */,
				040973C71D8C108500A3D9C9 /* point_selected.png */,
				040973C81D8C108500A3D9C9 /* zoomin.png */,
				040973C91D8C108500A3D9C9 /* zoomin1.png */,
				040973CA1D8C108500A3D9C9 /* zoomin@2x.png */,
				040973CB1D8C108500A3D9C9 /* zoomout.png */,
				040973CC1D8C108500A3D9C9 /* zoomout1.png */,
				040973CD1D8C108500A3D9C9 /* zoomout2.png */,
				040973CE1D8C108500A3D9C9 /* zoomout@2x.png */,
			);
			path = video;
			sourceTree = "<group>";
		};
		040973D01D8C108500A3D9C9 /* JZVideo */ = {
			isa = PBXGroup;
			children = (
				040973BF1D8C108500A3D9C9 /* JZVideoPlayerView.h */,
				040973C01D8C108500A3D9C9 /* JZVideoPlayerView.m */,
				040973CF1D8C108500A3D9C9 /* video */,
			);
			name = JZVideo;
			path = "../../../../../../Desktop/chuanke-master/chuanke/Others/3tdParts/JZVideo";
			sourceTree = "<group>";
		};
		040D7F1B1D810351002C5AB4 = {
			isa = PBXGroup;
			children = (
				040974001D8C437B00A3D9C9 /* iflyMSC.framework */,
				040D7F261D810351002C5AB4 /* BDzhuangke */,
				040D7F251D810351002C5AB4 /* Products */,
				B6FE4BA1F105044CCBEDB73A /* Pods */,
				3E944060E4CC601AD39E3B1A /* Frameworks */,
			);
			sourceTree = "<group>";
		};
		040D7F251D810351002C5AB4 /* Products */ = {
			isa = PBXGroup;
			children = (
				040D7F241D810351002C5AB4 /* BDzhuangke.app */,
			);
			name = Products;
			sourceTree = "<group>";
		};
		040D7F261D810351002C5AB4 /* BDzhuangke */ = {
			isa = PBXGroup;
			children = (
				040D7F481D8113DC002C5AB4 /* Classes */,
				040D7F381D810351002C5AB4 /* Info.plist */,
				040D7F271D810351002C5AB4 /* Supporting Files */,
			);
			path = BDzhuangke;
			sourceTree = "<group>";
		};
		040D7F271D810351002C5AB4 /* Supporting Files */ = {
			isa = PBXGroup;
			children = (
				040D7F281D810351002C5AB4 /* main.m */,
			);
			name = "Supporting Files";
			sourceTree = "<group>";
		};
		040D7F481D8113DC002C5AB4 /* Classes */ = {
			isa = PBXGroup;
			children = (
				040D7F741D81161D002C5AB4 /* Main */,
				040D7F491D8113DC002C5AB4 /* Course */,
				040D7F4D1D8113DC002C5AB4 /* Download */,
				040D7F591D8113DC002C5AB4 /* Mine */,
				040D7F5D1D8113DC002C5AB4 /* Others */,
			);
			path = Classes;
			sourceTree = "<group>";
		};
		040D7F491D8113DC002C5AB4 /* Course */ = {
			isa = PBXGroup;
			children = (
				040D7F4A1D8113DC002C5AB4 /* Controller */,
				040D7F4B1D8113DC002C5AB4 /* Model */,
				040D7F4C1D8113DC002C5AB4 /* Views */,
			);
			path = Course;
			sourceTree = "<group>";
		};
		040D7F4A1D8113DC002C5AB4 /* Controller */ = {
			isa = PBXGroup;
			children = (
				0410FE481D8A6A2E00A3F692 /* JSShareView */,
				0410FE451D8A697B00A3F692 /* JSRegisterManager.h */,
				0410FE461D8A697B00A3F692 /* JSRegisterManager.m */,
				040973E31D8C362A00A3D9C9 /* ZYKeDaRegisterManager.h */,
				040973E41D8C362A00A3D9C9 /* ZYKeDaRegisterManager.m */,
				04EC4D841D811D3B00425CBD /* ZYCateTableViewController.h */,
				04EC4D851D811D3B00425CBD /* ZYCateTableViewController.m */,
				04EC4D931D819B0A00425CBD /* ZYSpeechViewController.h */,
				04EC4D941D819B0A00425CBD /* ZYSpeechViewController.m */,
				04031E7D1D83AD0C00D6232C /* ZYCourseDetailViewController.h */,
				04031E7E1D83AD0C00D6232C /* ZYCourseDetailViewController.m */,
				04031E8F1D843E0B00D6232C /* ZYCourseInfoViewController.h */,
				04031E901D843E0B00D6232C /* ZYCourseInfoViewController.m */,
				04031E921D843F8700D6232C /* ZYCourseEvaluationViewController.h */,
				04031E931D843F8700D6232C /* ZYCourseEvaluationViewController.m */,
				04031E9B1D84609B00D6232C /* ZYSchoolViewController.h */,
				04031E9C1D84609B00D6232C /* ZYSchoolViewController.m */,
				0403008C1D869A4A00359C7B /* ZYAllCourseViewController.h */,
				0403008D1D869A4A00359C7B /* ZYAllCourseViewController.m */,
				04031E801D83B35800D6232C /* ZYCateViewController.h */,
				04031E811D83B35800D6232C /* ZYCateViewController.m */,
				040973E01D8C111E00A3D9C9 /* VedioDetailViewController.h */,
				040973E11D8C111E00A3D9C9 /* VedioDetailViewController.m */,
			);
			path = Controller;
			sourceTree = "<group>";
		};
		040D7F4B1D8113DC002C5AB4 /* Model */ = {
			isa = PBXGroup;
			children = (
				0474EF141D82E32B00570AA2 /* iCategoryList.plist */,
				04031E831D83B55300D6232C /* classCategory.plist */,
				0474EF151D82E32B00570AA2 /* InfoConfig.plist */,
				0474EF0B1D82A3AC00570AA2 /* JZFocusListModel.h */,
				0474EF0C1D82A3AC00570AA2 /* JZFocusListModel.m */,
				0474EF0D1D82A3AC00570AA2 /* JZCourseListModel.h */,
				0474EF0E1D82A3AC00570AA2 /* JZCourseListModel.m */,
				0474EF0F1D82A3AC00570AA2 /* JZAlbumListModel.h */,
				0474EF101D82A3AC00570AA2 /* JZAlbumListModel.m */,
				04031E861D84188F00D6232C /* JZCourseDetailModel.h */,
				04031E871D84188F00D6232C /* JZCourseDetailModel.m */,
				04031E891D841A3F00D6232C /* JZStepListModel.h */,
				04031E8A1D841A3F00D6232C /* JZStepListModel.m */,
				04031E8C1D841B3400D6232C /* JZClassListModel.h */,
				04031E8D1D841B3400D6232C /* JZClassListModel.m */,
				0458429A1D84F08B00DEA94C /* JZEvalModel.h */,
				0458429B1D84F08B00DEA94C /* JZEvalModel.m */,
				040300861D8670A000359C7B /* JZSchoolModel.h */,
				040300871D8670A000359C7B /* JZSchoolModel.m */,
				040300921D86A25600359C7B /* JZAllCourseModel.h */,
				040300931D86A25600359C7B /* JZAllCourseModel.m */,
				040300951D86A2AB00359C7B /* JZCateModel.h */,
				040300961D86A2AB00359C7B /* JZCateModel.m */,
			);
			path = Model;
			sourceTree = "<group>";
		};
		040D7F4C1D8113DC002C5AB4 /* Views */ = {
			isa = PBXGroup;
			children = (
				04EC4D8D1D8126B100425CBD /* ZYCourseNavBarView.h */,
				04EC4D8E1D8126B100425CBD /* ZYCourseNavBarView.m */,
				0474EF1F1D82F11F00570AA2 /* JZAlbumCell.h */,
				0474EF201D82F11F00570AA2 /* JZAlbumCell.m */,
				0474EF221D82F22700570AA2 /* JZCourseCell.h */,
				0474EF231D82F22700570AA2 /* JZCourseCell.m */,
				04031E951D84454E00D6232C /* ZYCourseDetailInfoCell.h */,
				04031E961D84454E00D6232C /* ZYCourseDetailInfoCell.m */,
				04031E981D84525100D6232C /* ZYCourseClassCell.h */,
				04031E991D84525100D6232C /* ZYCourseClassCell.m */,
				0458429D1D84FE2D00DEA94C /* JZEvalCell.h */,
				0458429E1D84FE2D00DEA94C /* JZEvalCell.m */,
				040300891D86929900359C7B /* JZSchoolCell.h */,
				0403008A1D86929900359C7B /* JZSchoolCell.m */,
				0403008F1D86A17400359C7B /* JZAllCourseCell.h */,
				040300901D86A17400359C7B /* JZAllCourseCell.m */,
			);
			path = Views;
			sourceTree = "<group>";
		};
		040D7F4D1D8113DC002C5AB4 /* Download */ = {
			isa = PBXGroup;
			children = (
				040D7F4E1D8113DC002C5AB4 /* Controller */,
				040D7F4F1D8113DC002C5AB4 /* Model */,
				040D7F501D8113DC002C5AB4 /* Views */,
			);
			path = Download;
			sourceTree = "<group>";
		};
		040D7F4E1D8113DC002C5AB4 /* Controller */ = {
			isa = PBXGroup;
			children = (
				04EC4D8A1D811DE000425CBD /* ZYDownLoadViewController.h */,
				04EC4D8B1D811DE000425CBD /* ZYDownLoadViewController.m */,
			);
			path = Controller;
			sourceTree = "<group>";
		};
		040D7F4F1D8113DC002C5AB4 /* Model */ = {
			isa = PBXGroup;
			children = (
			);
			path = Model;
			sourceTree = "<group>";
		};
		040D7F501D8113DC002C5AB4 /* Views */ = {
			isa = PBXGroup;
			children = (
			);
			path = Views;
			sourceTree = "<group>";
		};
		040D7F591D8113DC002C5AB4 /* Mine */ = {
			isa = PBXGroup;
			children = (
				040D7F5A1D8113DC002C5AB4 /* Controller */,
				040D7F5B1D8113DC002C5AB4 /* Model */,
				040D7F5C1D8113DC002C5AB4 /* Views */,
			);
			path = Mine;
			sourceTree = "<group>";
		};
		040D7F5A1D8113DC002C5AB4 /* Controller */ = {
			isa = PBXGroup;
			children = (
				04EC4D871D811D7800425CBD /* ZYMineViewController.h */,
				04EC4D881D811D7800425CBD /* ZYMineViewController.m */,
			);
			path = Controller;
			sourceTree = "<group>";
		};
		040D7F5B1D8113DC002C5AB4 /* Model */ = {
			isa = PBXGroup;
			children = (
			);
			path = Model;
			sourceTree = "<group>";
		};
		040D7F5C1D8113DC002C5AB4 /* Views */ = {
			isa = PBXGroup;
			children = (
			);
			path = Views;
			sourceTree = "<group>";
		};
		040D7F5D1D8113DC002C5AB4 /* Others */ = {
			isa = PBXGroup;
			children = (
				04031E851D8411E300D6232C /* Constant.h */,
				04EC4D831D81190600425CBD /* PrefixHeader.pch */,
				0474EF071D826DAB00570AA2 /* Tools */,
				040D7F6B1D811484002C5AB4 /* Cateroy */,
				040D7F6C1D811484002C5AB4 /* ExtensionSDK */,
				040D7F5E1D8113DC002C5AB4 /* AppDelegate.h */,
				040D7F5F1D8113DC002C5AB4 /* AppDelegate.m */,
				040D7F601D8113DC002C5AB4 /* Assets.xcassets */,
				040D7F611D8113DC002C5AB4 /* LaunchScreen.storyboard */,
				040D7F631D8113DC002C5AB4 /* Main.storyboard */,
			);
			path = Others;
			sourceTree = "<group>";
		};
		040D7F6B1D811484002C5AB4 /* Cateroy */ = {
			isa = PBXGroup;
			children = (
				0410FE4F1D8A6A9900A3F692 /* UIView+YYAdd.h */,
				0410FE501D8A6A9900A3F692 /* UIView+YYAdd.m */,
				04031E9E1D8468DB00D6232C /* NSString+Size.h */,
				04031E9F1D8468DB00D6232C /* NSString+Size.m */,
			);
			path = Cateroy;
			sourceTree = "<group>";
		};
		040D7F6C1D811484002C5AB4 /* ExtensionSDK */ = {
			isa = PBXGroup;
			children = (
				0474EF1C1D82E7B600570AA2 /* LoopView */,
				040973D01D8C108500A3D9C9 /* JZVideo */,
				040D7F6D1D81149B002C5AB4 /* UIImage+Image.h */,
				040D7F6E1D81149B002C5AB4 /* UIImage+Image.m */,
				040D7F701D8114B0002C5AB4 /* UIColor+Hex.h */,
				040D7F711D8114B0002C5AB4 /* UIColor+Hex.m */,
			);
			path = ExtensionSDK;
			sourceTree = "<group>";
		};
		040D7F741D81161D002C5AB4 /* Main */ = {
			isa = PBXGroup;
			children = (
				040D7F751D81161D002C5AB4 /* Controller */,
				040D7F7A1D81161D002C5AB4 /* Model */,
				040D7F7B1D81161D002C5AB4 /* Views */,
			);
			name = Main;
			path = Download/Main;
			sourceTree = "<group>";
		};
		040D7F751D81161D002C5AB4 /* Controller */ = {
			isa = PBXGroup;
			children = (
				040D7F761D81161D002C5AB4 /* ZYNavigationController.h */,
				040D7F771D81161D002C5AB4 /* ZYNavigationController.m */,
				04EC4D801D81186F00425CBD /* ZYTabBarVc.h */,
				04EC4D811D81186F00425CBD /* ZYTabBarVc.m */,
			);
			path = Controller;
			sourceTree = "<group>";
		};
		040D7F7A1D81161D002C5AB4 /* Model */ = {
			isa = PBXGroup;
			children = (
			);
			path = Model;
			sourceTree = "<group>";
		};
		040D7F7B1D81161D002C5AB4 /* Views */ = {
			isa = PBXGroup;
			children = (
			);
			path = Views;
			sourceTree = "<group>";
		};
		0410FE481D8A6A2E00A3F692 /* JSShareView */ = {
			isa = PBXGroup;
			children = (
				0410FE491D8A6A2E00A3F692 /* JSShareItemButton.h */,
				0410FE4A1D8A6A2E00A3F692 /* JSShareItemButton.m */,
				0410FE4B1D8A6A2E00A3F692 /* JSShareView.h */,
				0410FE4C1D8A6A2E00A3F692 /* JSShareView.m */,
			);
			path = JSShareView;
			sourceTree = "<group>";
		};
		0474EF071D826DAB00570AA2 /* Tools */ = {
			isa = PBXGroup;
			children = (
				0474EF081D826FF100570AA2 /* ZYNetTools.h */,
				0474EF091D826FF100570AA2 /* ZYNetTools.m */,
			);
			path = Tools;
			sourceTree = "<group>";
		};
		0474EF1C1D82E7B600570AA2 /* LoopView */ = {
			isa = PBXGroup;
			children = (
				0474EF181D82E7B600570AA2 /* ImageScrollCell.h */,
				0474EF191D82E7B600570AA2 /* ImageScrollCell.m */,
				0474EF1A1D82E7B600570AA2 /* ImageScrollView.h */,
				0474EF1B1D82E7B600570AA2 /* ImageScrollView.m */,
			);
			name = LoopView;
			path = "../../../../../../Desktop/chuanke-master/chuanke/Others/3tdParts/LoopView";
			sourceTree = "<group>";
		};
		3E944060E4CC601AD39E3B1A /* Frameworks */ = {
			isa = PBXGroup;
			children = (
				040973FE1D8C422700A3D9C9 /* libc++.tbd */,
				040973FC1D8C420700A3D9C9 /* CoreGraphics.framework */,
				040973FA1D8C41FF00A3D9C9 /* Foundation.framework */,
				040973F81D8C41F500A3D9C9 /* UIKit.framework */,
				040973F61D8C41ED00A3D9C9 /* QuartzCore.framework */,
				040973F41D8C41E300A3D9C9 /* SystemConfiguration.framework */,
				040973F21D8C41D800A3D9C9 /* AudioToolbox.framework */,
				040973F01D8C41CB00A3D9C9 /* AddressBook.framework */,
				040973EE1D8C41B900A3D9C9 /* AVFoundation.framework */,
				040973EC1D8C41A900A3D9C9 /* CoreLocation.framework */,
				040973EA1D8C3AA700A3D9C9 /* CoreTelephony.framework */,
				040973E81D8C3A8200A3D9C9 /* libz.tbd */,
				040973E61D8C3A2A00A3D9C9 /* iflyMSC.framework */,
				E142C2BF9755C0B4E4CEA51A /* libPods.a */,
			);
			name = Frameworks;
			sourceTree = "<group>";
		};
		B6FE4BA1F105044CCBEDB73A /* Pods */ = {
			isa = PBXGroup;
			children = (
				DAFD73F8F956BAACF38542CF /* Pods.debug.xcconfig */,
				4BBFA3AACD82431C4E1C40BD /* Pods.release.xcconfig */,
			);
			name = Pods;
			sourceTree = "<group>";
		};
/* End PBXGroup section */

/* Begin PBXNativeTarget section */
		040D7F231D810351002C5AB4 /* BDzhuangke */ = {
			isa = PBXNativeTarget;
			buildConfigurationList = 040D7F3B1D810351002C5AB4 /* Build configuration list for PBXNativeTarget "BDzhuangke" */;
			buildPhases = (
				F6FA1FDCE98133DE143E08DD /* Check Pods Manifest.lock */,
				040D7F201D810351002C5AB4 /* Sources */,
				040D7F211D810351002C5AB4 /* Frameworks */,
				040D7F221D810351002C5AB4 /* Resources */,
				437F67E0D505C874572CE8D5 /* Embed Pods Frameworks */,
				6CA622C1D5011254DB3BCFAC /* Copy Pods Resources */,
			);
			buildRules = (
			);
			dependencies = (
			);
			name = BDzhuangke;
			productName = BDzhuangke;
			productReference = 040D7F241D810351002C5AB4 /* BDzhuangke.app */;
			productType = "com.apple.product-type.application";
		};
/* End PBXNativeTarget section */

/* Begin PBXProject section */
		040D7F1C1D810351002C5AB4 /* Project object */ = {
			isa = PBXProject;
			attributes = {
				LastUpgradeCheck = 0730;
				ORGANIZATIONNAME = mac;
				TargetAttributes = {
					040D7F231D810351002C5AB4 = {
						CreatedOnToolsVersion = 7.3.1;
						DevelopmentTeam = DFARS7X79T;
					};
				};
			};
			buildConfigurationList = 040D7F1F1D810351002C5AB4 /* Build configuration list for PBXProject "BDzhuangke" */;
			compatibilityVersion = "Xcode 3.2";
			developmentRegion = English;
			hasScannedForEncodings = 0;
			knownRegions = (
				en,
				Base,
			);
			mainGroup = 040D7F1B1D810351002C5AB4;
			productRefGroup = 040D7F251D810351002C5AB4 /* Products */;
			projectDirPath = "";
			projectRoot = "";
			targets = (
				040D7F231D810351002C5AB4 /* BDzhuangke */,
			);
		};
/* End PBXProject section */

/* Begin PBXResourcesBuildPhase section */
		040D7F221D810351002C5AB4 /* Resources */ = {
			isa = PBXResourcesBuildPhase;
			buildActionMask = 2147483647;
			files = (
				0474EF161D82E32B00570AA2 /* iCategoryList.plist in Resources */,
				040973D71D8C108500A3D9C9 /* point_normal.png in Resources */,
				040973DE1D8C108500A3D9C9 /* zoomout2.png in Resources */,
				040973DC1D8C108500A3D9C9 /* zoomout.png in Resources */,
				040973DD1D8C108500A3D9C9 /* zoomout1.png in Resources */,
				040973D31D8C108500A3D9C9 /* back@2x.png in Resources */,
				040973D51D8C108500A3D9C9 /* full_pause_icon.png in Resources */,
				040973D61D8C108500A3D9C9 /* full_play_icon.png in Resources */,
				040973DF1D8C108500A3D9C9 /* zoomout@2x.png in Resources */,
				040D7F6A1D8113DC002C5AB4 /* Main.storyboard in Resources */,
				040973DB1D8C108500A3D9C9 /* zoomin@2x.png in Resources */,
				040973D41D8C108500A3D9C9 /* bg_rss_head.png in Resources */,
				040973D21D8C108500A3D9C9 /* account_cache_isplay@2x.png in Resources */,
				040973D81D8C108500A3D9C9 /* point_selected.png in Resources */,
				040973DA1D8C108500A3D9C9 /* zoomin1.png in Resources */,
				040D7F681D8113DC002C5AB4 /* Assets.xcassets in Resources */,
				0474EF171D82E32B00570AA2 /* InfoConfig.plist in Resources */,
				040973D91D8C108500A3D9C9 /* zoomin.png in Resources */,
				040D7F691D8113DC002C5AB4 /* LaunchScreen.storyboard in Resources */,
				04031E841D83B55300D6232C /* classCategory.plist in Resources */,
			);
			runOnlyForDeploymentPostprocessing = 0;
		};
/* End PBXResourcesBuildPhase section */

/* Begin PBXShellScriptBuildPhase section */
		437F67E0D505C874572CE8D5 /* Embed Pods Frameworks */ = {
			isa = PBXShellScriptBuildPhase;
			buildActionMask = 2147483647;
			files = (
			);
			inputPaths = (
			);
			name = "Embed Pods Frameworks";
			outputPaths = (
			);
			runOnlyForDeploymentPostprocessing = 0;
			shellPath = /bin/sh;
			shellScript = "\"${SRCROOT}/Pods/Target Support Files/Pods/Pods-frameworks.sh\"\n";
			showEnvVarsInLog = 0;
		};
		6CA622C1D5011254DB3BCFAC /* Copy Pods Resources */ = {
			isa = PBXShellScriptBuildPhase;
			buildActionMask = 2147483647;
			files = (
			);
			inputPaths = (
			);
			name = "Copy Pods Resources";
			outputPaths = (
			);
			runOnlyForDeploymentPostprocessing = 0;
			shellPath = /bin/sh;
			shellScript = "\"${SRCROOT}/Pods/Target Support Files/Pods/Pods-resources.sh\"\n";
			showEnvVarsInLog = 0;
		};
		F6FA1FDCE98133DE143E08DD /* Check Pods Manifest.lock */ = {
			isa = PBXShellScriptBuildPhase;
			buildActionMask = 2147483647;
			files = (
			);
			inputPaths = (
			);
			name = "Check Pods Manifest.lock";
			outputPaths = (
			);
			runOnlyForDeploymentPostprocessing = 0;
			shellPath = /bin/sh;
			shellScript = "diff \"${PODS_ROOT}/../Podfile.lock\" \"${PODS_ROOT}/Manifest.lock\" > /dev/null\nif [[ $? != 0 ]] ; then\n    cat << EOM\nerror: The sandbox is not in sync with the Podfile.lock. Run 'pod install' or update your CocoaPods installation.\nEOM\n    exit 1\nfi\n";
			showEnvVarsInLog = 0;
		};
/* End PBXShellScriptBuildPhase section */

/* Begin PBXSourcesBuildPhase section */
		040D7F201D810351002C5AB4 /* Sources */ = {
			isa = PBXSourcesBuildPhase;
			buildActionMask = 2147483647;
			files = (
				04031E9A1D84525100D6232C /* ZYCourseClassCell.m in Sources */,
				0403008B1D86929900359C7B /* JZSchoolCell.m in Sources */,
				0410FE471D8A697B00A3F692 /* JSRegisterManager.m in Sources */,
				04EC4D861D811D3B00425CBD /* ZYCateTableViewController.m in Sources */,
				04031E9D1D84609B00D6232C /* ZYSchoolViewController.m in Sources */,
				04031E8B1D841A3F00D6232C /* JZStepListModel.m in Sources */,
				04031EA01D8468DB00D6232C /* NSString+Size.m in Sources */,
				040D7F291D810351002C5AB4 /* main.m in Sources */,
				0410FE511D8A6A9900A3F692 /* UIView+YYAdd.m in Sources */,
				040973D11D8C108500A3D9C9 /* JZVideoPlayerView.m in Sources */,
				040D7F721D8114B0002C5AB4 /* UIColor+Hex.m in Sources */,
				040300971D86A2AB00359C7B /* JZCateModel.m in Sources */,
				04031E941D843F8700D6232C /* ZYCourseEvaluationViewController.m in Sources */,
				040D7F6F1D81149B002C5AB4 /* UIImage+Image.m in Sources */,
				04EC4D8F1D8126B100425CBD /* ZYCourseNavBarView.m in Sources */,
				04EC4D891D811D7800425CBD /* ZYMineViewController.m in Sources */,
				0474EF121D82A3AC00570AA2 /* JZCourseListModel.m in Sources */,
				0474EF131D82A3AC00570AA2 /* JZAlbumListModel.m in Sources */,
				0458429C1D84F08B00DEA94C /* JZEvalModel.m in Sources */,
				040973E51D8C362A00A3D9C9 /* ZYKeDaRegisterManager.m in Sources */,
				0410FE4D1D8A6A2E00A3F692 /* JSShareItemButton.m in Sources */,
				0474EF0A1D826FF100570AA2 /* ZYNetTools.m in Sources */,
				0403008E1D869A4A00359C7B /* ZYAllCourseViewController.m in Sources */,
				040300881D8670A000359C7B /* JZSchoolModel.m in Sources */,
				040973E21D8C111E00A3D9C9 /* VedioDetailViewController.m in Sources */,
				04031E821D83B35800D6232C /* ZYCateViewController.m in Sources */,
				04031E911D843E0B00D6232C /* ZYCourseInfoViewController.m in Sources */,
				040300941D86A25600359C7B /* JZAllCourseModel.m in Sources */,
				040D7F7C1D81161D002C5AB4 /* ZYNavigationController.m in Sources */,
				04EC4D951D819B0A00425CBD /* ZYSpeechViewController.m in Sources */,
				0458429F1D84FE2D00DEA94C /* JZEvalCell.m in Sources */,
				0474EF211D82F11F00570AA2 /* JZAlbumCell.m in Sources */,
				040D7F671D8113DC002C5AB4 /* AppDelegate.m in Sources */,
				04EC4D821D81186F00425CBD /* ZYTabBarVc.m in Sources */,
				040300911D86A17400359C7B /* JZAllCourseCell.m in Sources */,
				04EC4D8C1D811DE000425CBD /* ZYDownLoadViewController.m in Sources */,
				0410FE4E1D8A6A2E00A3F692 /* JSShareView.m in Sources */,
				04031E971D84454E00D6232C /* ZYCourseDetailInfoCell.m in Sources */,
				0474EF1D1D82E7B600570AA2 /* ImageScrollCell.m in Sources */,
				0474EF1E1D82E7B600570AA2 /* ImageScrollView.m in Sources */,
				0474EF111D82A3AC00570AA2 /* JZFocusListModel.m in Sources */,
				04031E8E1D841B3400D6232C /* JZClassListModel.m in Sources */,
				0474EF241D82F22700570AA2 /* JZCourseCell.m in Sources */,
				04031E7F1D83AD0C00D6232C /* ZYCourseDetailViewController.m in Sources */,
				04031E881D84188F00D6232C /* JZCourseDetailModel.m in Sources */,
			);
			runOnlyForDeploymentPostprocessing = 0;
		};
/* End PBXSourcesBuildPhase section */

/* Begin PBXVariantGroup section */
		040D7F611D8113DC002C5AB4 /* LaunchScreen.storyboard */ = {
			isa = PBXVariantGroup;
			children = (
				040D7F621D8113DC002C5AB4 /* Base */,
			);
			name = LaunchScreen.storyboard;
			sourceTree = "<group>";
		};
		040D7F631D8113DC002C5AB4 /* Main.storyboard */ = {
			isa = PBXVariantGroup;
			children = (
				040D7F641D8113DC002C5AB4 /* Base */,
			);
			name = Main.storyboard;
			sourceTree = "<group>";
		};
/* End PBXVariantGroup section */

/* Begin XCBuildConfiguration section */
		040D7F391D810351002C5AB4 /* Debug */ = {
			isa = XCBuildConfiguration;
			buildSettings = {
				ALWAYS_SEARCH_USER_PATHS = NO;
				CLANG_ANALYZER_NONNULL = YES;
				CLANG_CXX_LANGUAGE_STANDARD = "gnu++0x";
				CLANG_CXX_LIBRARY = "libc++";
				CLANG_ENABLE_MODULES = YES;
				CLANG_ENABLE_OBJC_ARC = YES;
				CLANG_WARN_BOOL_CONVERSION = YES;
				CLANG_WARN_CONSTANT_CONVERSION = YES;
				CLANG_WARN_DIRECT_OBJC_ISA_USAGE = YES_ERROR;
				CLANG_WARN_EMPTY_BODY = YES;
				CLANG_WARN_ENUM_CONVERSION = YES;
				CLANG_WARN_INT_CONVERSION = YES;
				CLANG_WARN_OBJC_ROOT_CLASS = YES_ERROR;
				CLANG_WARN_UNREACHABLE_CODE = YES;
				CLANG_WARN__DUPLICATE_METHOD_MATCH = YES;
				"CODE_SIGN_IDENTITY[sdk=iphoneos*]" = "iPhone Developer";
				COPY_PHASE_STRIP = NO;
				DEBUG_INFORMATION_FORMAT = dwarf;
				ENABLE_STRICT_OBJC_MSGSEND = YES;
				ENABLE_TESTABILITY = YES;
				GCC_C_LANGUAGE_STANDARD = gnu99;
				GCC_DYNAMIC_NO_PIC = NO;
				GCC_NO_COMMON_BLOCKS = YES;
				GCC_OPTIMIZATION_LEVEL = 0;
				GCC_PREPROCESSOR_DEFINITIONS = (
					"DEBUG=1",
					"$(inherited)",
				);
				GCC_WARN_64_TO_32_BIT_CONVERSION = YES;
				GCC_WARN_ABOUT_RETURN_TYPE = YES_ERROR;
				GCC_WARN_UNDECLARED_SELECTOR = YES;
				GCC_WARN_UNINITIALIZED_AUTOS = YES_AGGRESSIVE;
				GCC_WARN_UNUSED_FUNCTION = YES;
				GCC_WARN_UNUSED_VARIABLE = YES;
				IPHONEOS_DEPLOYMENT_TARGET = 9.2;
				MTL_ENABLE_DEBUG_INFO = YES;
				ONLY_ACTIVE_ARCH = YES;
				SDKROOT = iphoneos;
				TARGETED_DEVICE_FAMILY = "1,2";
			};
			name = Debug;
		};
		040D7F3A1D810351002C5AB4 /* Release */ = {
			isa = XCBuildConfiguration;
			buildSettings = {
				ALWAYS_SEARCH_USER_PATHS = NO;
				CLANG_ANALYZER_NONNULL = YES;
				CLANG_CXX_LANGUAGE_STANDARD = "gnu++0x";
				CLANG_CXX_LIBRARY = "libc++";
				CLANG_ENABLE_MODULES = YES;
				CLANG_ENABLE_OBJC_ARC = YES;
				CLANG_WARN_BOOL_CONVERSION = YES;
				CLANG_WARN_CONSTANT_CONVERSION = YES;
				CLANG_WARN_DIRECT_OBJC_ISA_USAGE = YES_ERROR;
				CLANG_WARN_EMPTY_BODY = YES;
				CLANG_WARN_ENUM_CONVERSION = YES;
				CLANG_WARN_INT_CONVERSION = YES;
				CLANG_WARN_OBJC_ROOT_CLASS = YES_ERROR;
				CLANG_WARN_UNREACHABLE_CODE = YES;
				CLANG_WARN__DUPLICATE_METHOD_MATCH = YES;
				"CODE_SIGN_IDENTITY[sdk=iphoneos*]" = "iPhone Developer";
				COPY_PHASE_STRIP = NO;
				DEBUG_INFORMATION_FORMAT = "dwarf-with-dsym";
				ENABLE_NS_ASSERTIONS = NO;
				ENABLE_STRICT_OBJC_MSGSEND = YES;
				GCC_C_LANGUAGE_STANDARD = gnu99;
				GCC_NO_COMMON_BLOCKS = YES;
				GCC_WARN_64_TO_32_BIT_CONVERSION = YES;
				GCC_WARN_ABOUT_RETURN_TYPE = YES_ERROR;
				GCC_WARN_UNDECLARED_SELECTOR = YES;
				GCC_WARN_UNINITIALIZED_AUTOS = YES_AGGRESSIVE;
				GCC_WARN_UNUSED_FUNCTION = YES;
				GCC_WARN_UNUSED_VARIABLE = YES;
				IPHONEOS_DEPLOYMENT_TARGET = 9.2;
				MTL_ENABLE_DEBUG_INFO = NO;
				SDKROOT = iphoneos;
				TARGETED_DEVICE_FAMILY = "1,2";
				VALIDATE_PRODUCT = YES;
			};
			name = Release;
		};
		040D7F3C1D810351002C5AB4 /* Debug */ = {
			isa = XCBuildConfiguration;
			baseConfigurationReference = DAFD73F8F956BAACF38542CF /* Pods.debug.xcconfig */;
			buildSettings = {
				ASSETCATALOG_COMPILER_APPICON_NAME = AppIcon;
				ASSETCATALOG_COMPILER_LAUNCHIMAGE_NAME = LaunchImage;
				CODE_SIGN_IDENTITY = "iPhone Developer";
				"CODE_SIGN_IDENTITY[sdk=iphoneos*]" = "iPhone Developer";
				FRAMEWORK_SEARCH_PATHS = (
					"\"${PODS_ROOT}/MOBFoundation\"",
					"\"${PODS_ROOT}/ShareSDK3/ShareSDK\"",
					"\"${PODS_ROOT}/ShareSDK3/ShareSDK/Support/Required\"",
					"\"${PODS_ROOT}/ShareSDK3/ShareSDK/Support/Optional\"",
					"\"${PODS_ROOT}/ShareSDK3/ShareSDK/Support/PlatformSDK/KaKaoSDK\"",
					"\"${PODS_ROOT}/ShareSDK3/ShareSDK/Support/PlatformSDK/QQSDK\"",
					"\"${PODS_ROOT}/ShareSDK3/ShareSDK/Support/PlatformSDK/RenRenSDK\"",
					"\"${PODS_ROOT}/ShareSDK3/ShareSDK/Support/Optional\"",
					"$(inherited)",
					"$(SRCROOT)/../../lib",
					"$(PROJECT_DIR)",
				);
				GCC_PREFIX_HEADER = BDzhuangke/Classes/Others/PrefixHeader.pch;
				INFOPLIST_FILE = BDzhuangke/Info.plist;
				IPHONEOS_DEPLOYMENT_TARGET = 8.0;
				LD_RUNPATH_SEARCH_PATHS = "$(inherited) @executable_path/Frameworks";
				PRODUCT_BUNDLE_IDENTIFIER = zhengyang.BDzhuangke;
				PRODUCT_NAME = "$(TARGET_NAME)";
				PROVISIONING_PROFILE = "";
				TARGETED_DEVICE_FAMILY = 1;
			};
			name = Debug;
		};
		040D7F3D1D810351002C5AB4 /* Release */ = {
			isa = XCBuildConfiguration;
			baseConfigurationReference = 4BBFA3AACD82431C4E1C40BD /* Pods.release.xcconfig */;
			buildSettings = {
				ASSETCATALOG_COMPILER_APPICON_NAME = AppIcon;
				ASSETCATALOG_COMPILER_LAUNCHIMAGE_NAME = LaunchImage;
				CODE_SIGN_IDENTITY = "iPhone Developer";
				"CODE_SIGN_IDENTITY[sdk=iphoneos*]" = "iPhone Developer";
				FRAMEWORK_SEARCH_PATHS = (
					"\"${PODS_ROOT}/MOBFoundation\"",
					"\"${PODS_ROOT}/ShareSDK3/ShareSDK\"",
					"\"${PODS_ROOT}/ShareSDK3/ShareSDK/Support/Required\"",
					"\"${PODS_ROOT}/ShareSDK3/ShareSDK/Support/Optional\"",
					"\"${PODS_ROOT}/ShareSDK3/ShareSDK/Support/PlatformSDK/KaKaoSDK\"",
					"\"${PODS_ROOT}/ShareSDK3/ShareSDK/Support/PlatformSDK/QQSDK\"",
					"\"${PODS_ROOT}/ShareSDK3/ShareSDK/Support/PlatformSDK/RenRenSDK\"",
					"\"${PODS_ROOT}/ShareSDK3/ShareSDK/Support/Optional\"",
					"$(inherited)",
					"$(SRCROOT)/../../lib",
					"$(PROJECT_DIR)",
				);
				GCC_PREFIX_HEADER = BDzhuangke/Classes/Others/PrefixHeader.pch;
				INFOPLIST_FILE = BDzhuangke/Info.plist;
				IPHONEOS_DEPLOYMENT_TARGET = 8.0;
				LD_RUNPATH_SEARCH_PATHS = "$(inherited) @executable_path/Frameworks";
				PRODUCT_BUNDLE_IDENTIFIER = zhengyang.BDzhuangke;
				PRODUCT_NAME = "$(TARGET_NAME)";
				PROVISIONING_PROFILE = "";
				TARGETED_DEVICE_FAMILY = 1;
			};
			name = Release;
		};
/* End XCBuildConfiguration section */

/* Begin XCConfigurationList section */
		040D7F1F1D810351002C5AB4 /* Build configuration list for PBXProject "BDzhuangke" */ = {
			isa = XCConfigurationList;
			buildConfigurations = (
				040D7F391D810351002C5AB4 /* Debug */,
				040D7F3A1D810351002C5AB4 /* Release */,
			);
			defaultConfigurationIsVisible = 0;
			defaultConfigurationName = Release;
		};
		040D7F3B1D810351002C5AB4 /* Build configuration list for PBXNativeTarget "BDzhuangke" */ = {
			isa = XCConfigurationList;
			buildConfigurations = (
				040D7F3C1D810351002C5AB4 /* Debug */,
				040D7F3D1D810351002C5AB4 /* Release */,
			);
			defaultConfigurationIsVisible = 0;
			defaultConfigurationName = Release;
		};
/* End XCConfigurationList section */
	};
	rootObject = 040D7F1C1D810351002C5AB4 /* Project object */;
}
