// !$*UTF8*$!
{
	archiveVersion = 1;
	classes = {
	};
	objectVersion = 46;
	objects = {

/* Begin PBXBuildFile section */
		040D7F291D810351002C5AB4 /* main.m in Sources */ = {isa = PBXBuildFile; fileRef = 040D7F281D810351002C5AB4 /* main.m */; };
		040D7F671D8113DC002C5AB4 /* AppDelegate.m in Sources */ = {isa = PBXBuildFile; fileRef = 040D7F5F1D8113DC002C5AB4 /* AppDelegate.m */; };
		040D7F681D8113DC002C5AB4 /* Assets.xcassets in Resources */ = {isa = PBXBuildFile; fileRef = 040D7F601D8113DC002C5AB4 /* Assets.xcassets */; };
		040D7F691D8113DC002C5AB4 /* LaunchScreen.storyboard in Resources */ = {isa = PBXBuildFile; fileRef = 040D7F611D8113DC002C5AB4 /* LaunchScreen.storyboard */; };
		040D7F6A1D8113DC002C5AB4 /* Main.storyboard in Resources */ = {isa = PBXBuildFile; fileRef = 040D7F631D8113DC002C5AB4 /* Main.storyboard */; };
		040D7F6F1D81149B002C5AB4 /* UIImage+Image.m in Sources */ = {isa = PBXBuildFile; fileRef = 040D7F6E1D81149B002C5AB4 /* UIImage+Image.m */; };
		040D7F721D8114B0002C5AB4 /* UIColor+Hex.m in Sources */ = {isa = PBXBuildFile; fileRef = 040D7F711D8114B0002C5AB4 /* UIColor+Hex.m */; };
		040D7F7C1D81161D002C5AB4 /* ZYNavigationController.m in Sources */ = {isa = PBXBuildFile; fileRef = 040D7F771D81161D002C5AB4 /* ZYNavigationController.m */; };
		04EC4D821D81186F00425CBD /* ZYTabBarVc.m in Sources */ = {isa = PBXBuildFile; fileRef = 04EC4D811D81186F00425CBD /* ZYTabBarVc.m */; };
		04EC4D861D811D3B00425CBD /* ZYCateTableViewController.m in Sources */ = {isa = PBXBuildFile; fileRef = 04EC4D851D811D3B00425CBD /* ZYCateTableViewController.m */; };
		04EC4D891D811D7800425CBD /* ZYMineViewController.m in Sources */ = {isa = PBXBuildFile; fileRef = 04EC4D881D811D7800425CBD /* ZYMineViewController.m */; };
		04EC4D8C1D811DE000425CBD /* ZYDownLoadViewController.m in Sources */ = {isa = PBXBuildFile; fileRef = 04EC4D8B1D811DE000425CBD /* ZYDownLoadViewController.m */; };
		04EC4D8F1D8126B100425CBD /* ZYCourseNavBarView.m in Sources */ = {isa = PBXBuildFile; fileRef = 04EC4D8E1D8126B100425CBD /* ZYCourseNavBarView.m */; };
/* End PBXBuildFile section */

/* Begin PBXFileReference section */
		040D7F241D810351002C5AB4 /* BDzhuangke.app */ = {isa = PBXFileReference; explicitFileType = wrapper.application; includeInIndex = 0; path = BDzhuangke.app; sourceTree = BUILT_PRODUCTS_DIR; };
		040D7F281D810351002C5AB4 /* main.m */ = {isa = PBXFileReference; lastKnownFileType = sourcecode.c.objc; path = main.m; sourceTree = "<group>"; };
		040D7F381D810351002C5AB4 /* Info.plist */ = {isa = PBXFileReference; lastKnownFileType = text.plist.xml; path = Info.plist; sourceTree = "<group>"; };
		040D7F5E1D8113DC002C5AB4 /* AppDelegate.h */ = {isa = PBXFileReference; fileEncoding = 4; lastKnownFileType = sourcecode.c.h; path = AppDelegate.h; sourceTree = "<group>"; };
		040D7F5F1D8113DC002C5AB4 /* AppDelegate.m */ = {isa = PBXFileReference; fileEncoding = 4; lastKnownFileType = sourcecode.c.objc; path = AppDelegate.m; sourceTree = "<group>"; };
		040D7F601D8113DC002C5AB4 /* Assets.xcassets */ = {isa = PBXFileReference; lastKnownFileType = folder.assetcatalog; path = Assets.xcassets; sourceTree = "<group>"; };
		040D7F621D8113DC002C5AB4 /* Base */ = {isa = PBXFileReference; lastKnownFileType = file.storyboard; name = Base; path = Base.lproj/LaunchScreen.storyboard; sourceTree = "<group>"; };
		040D7F641D8113DC002C5AB4 /* Base */ = {isa = PBXFileReference; lastKnownFileType = file.storyboard; name = Base; path = Base.lproj/Main.storyboard; sourceTree = "<group>"; };
		040D7F6D1D81149B002C5AB4 /* UIImage+Image.h */ = {isa = PBXFileReference; fileEncoding = 4; lastKnownFileType = sourcecode.c.h; path = "UIImage+Image.h"; sourceTree = "<group>"; };
		040D7F6E1D81149B002C5AB4 /* UIImage+Image.m */ = {isa = PBXFileReference; fileEncoding = 4; lastKnownFileType = sourcecode.c.objc; path = "UIImage+Image.m"; sourceTree = "<group>"; };
		040D7F701D8114B0002C5AB4 /* UIColor+Hex.h */ = {isa = PBXFileReference; fileEncoding = 4; lastKnownFileType = sourcecode.c.h; path = "UIColor+Hex.h"; sourceTree = "<group>"; };
		040D7F711D8114B0002C5AB4 /* UIColor+Hex.m */ = {isa = PBXFileReference; fileEncoding = 4; lastKnownFileType = sourcecode.c.objc; path = "UIColor+Hex.m"; sourceTree = "<group>"; };
		040D7F761D81161D002C5AB4 /* ZYNavigationController.h */ = {isa = PBXFileReference; fileEncoding = 4; lastKnownFileType = sourcecode.c.h; path = ZYNavigationController.h; sourceTree = "<group>"; };
		040D7F771D81161D002C5AB4 /* ZYNavigationController.m */ = {isa = PBXFileReference; fileEncoding = 4; lastKnownFileType = sourcecode.c.objc; path = ZYNavigationController.m; sourceTree = "<group>"; };
		04EC4D801D81186F00425CBD /* ZYTabBarVc.h */ = {isa = PBXFileReference; fileEncoding = 4; lastKnownFileType = sourcecode.c.h; path = ZYTabBarVc.h; sourceTree = "<group>"; };
		04EC4D811D81186F00425CBD /* ZYTabBarVc.m */ = {isa = PBXFileReference; fileEncoding = 4; lastKnownFileType = sourcecode.c.objc; path = ZYTabBarVc.m; sourceTree = "<group>"; };
		04EC4D831D81190600425CBD /* PrefixHeader.pch */ = {isa = PBXFileReference; lastKnownFileType = sourcecode.c.h; path = PrefixHeader.pch; sourceTree = "<group>"; };
		04EC4D841D811D3B00425CBD /* ZYCateTableViewController.h */ = {isa = PBXFileReference; fileEncoding = 4; lastKnownFileType = sourcecode.c.h; path = ZYCateTableViewController.h; sourceTree = "<group>"; };
		04EC4D851D811D3B00425CBD /* ZYCateTableViewController.m */ = {isa = PBXFileReference; fileEncoding = 4; lastKnownFileType = sourcecode.c.objc; path = ZYCateTableViewController.m; sourceTree = "<group>"; };
		04EC4D871D811D7800425CBD /* ZYMineViewController.h */ = {isa = PBXFileReference; fileEncoding = 4; lastKnownFileType = sourcecode.c.h; path = ZYMineViewController.h; sourceTree = "<group>"; };
		04EC4D881D811D7800425CBD /* ZYMineViewController.m */ = {isa = PBXFileReference; fileEncoding = 4; lastKnownFileType = sourcecode.c.objc; path = ZYMineViewController.m; sourceTree = "<group>"; };
		04EC4D8A1D811DE000425CBD /* ZYDownLoadViewController.h */ = {isa = PBXFileReference; fileEncoding = 4; lastKnownFileType = sourcecode.c.h; path = ZYDownLoadViewController.h; sourceTree = "<group>"; };
		04EC4D8B1D811DE000425CBD /* ZYDownLoadViewController.m */ = {isa = PBXFileReference; fileEncoding = 4; lastKnownFileType = sourcecode.c.objc; path = ZYDownLoadViewController.m; sourceTree = "<group>"; };
		04EC4D8D1D8126B100425CBD /* ZYCourseNavBarView.h */ = {isa = PBXFileReference; fileEncoding = 4; lastKnownFileType = sourcecode.c.h; path = ZYCourseNavBarView.h; sourceTree = "<group>"; };
		04EC4D8E1D8126B100425CBD /* ZYCourseNavBarView.m */ = {isa = PBXFileReference; fileEncoding = 4; lastKnownFileType = sourcecode.c.objc; path = ZYCourseNavBarView.m; sourceTree = "<group>"; };
/* End PBXFileReference section */

/* Begin PBXFrameworksBuildPhase section */
		040D7F211D810351002C5AB4 /* Frameworks */ = {
			isa = PBXFrameworksBuildPhase;
			buildActionMask = 2147483647;
			files = (
			);
			runOnlyForDeploymentPostprocessing = 0;
		};
/* End PBXFrameworksBuildPhase section */

/* Begin PBXGroup section */
		040D7F1B1D810351002C5AB4 = {
			isa = PBXGroup;
			children = (
				040D7F261D810351002C5AB4 /* BDzhuangke */,
				040D7F251D810351002C5AB4 /* Products */,
			);
			sourceTree = "<group>";
		};
		040D7F251D810351002C5AB4 /* Products */ = {
			isa = PBXGroup;
			children = (
				040D7F241D810351002C5AB4 /* BDzhuangke.app */,
			);
			name = Products;
			sourceTree = "<group>";
		};
		040D7F261D810351002C5AB4 /* BDzhuangke */ = {
			isa = PBXGroup;
			children = (
				040D7F481D8113DC002C5AB4 /* Classes */,
				040D7F381D810351002C5AB4 /* Info.plist */,
				040D7F271D810351002C5AB4 /* Supporting Files */,
			);
			path = BDzhuangke;
			sourceTree = "<group>";
		};
		040D7F271D810351002C5AB4 /* Supporting Files */ = {
			isa = PBXGroup;
			children = (
				040D7F281D810351002C5AB4 /* main.m */,
			);
			name = "Supporting Files";
			sourceTree = "<group>";
		};
		040D7F481D8113DC002C5AB4 /* Classes */ = {
			isa = PBXGroup;
			children = (
				040D7F741D81161D002C5AB4 /* Main */,
				040D7F491D8113DC002C5AB4 /* Course */,
				040D7F4D1D8113DC002C5AB4 /* Download */,
				040D7F591D8113DC002C5AB4 /* Mine */,
				040D7F5D1D8113DC002C5AB4 /* Others */,
			);
			path = Classes;
			sourceTree = "<group>";
		};
		040D7F491D8113DC002C5AB4 /* Course */ = {
			isa = PBXGroup;
			children = (
				040D7F4A1D8113DC002C5AB4 /* Controller */,
				040D7F4B1D8113DC002C5AB4 /* Model */,
				040D7F4C1D8113DC002C5AB4 /* Views */,
			);
			path = Course;
			sourceTree = "<group>";
		};
		040D7F4A1D8113DC002C5AB4 /* Controller */ = {
			isa = PBXGroup;
			children = (
				04EC4D841D811D3B00425CBD /* ZYCateTableViewController.h */,
				04EC4D851D811D3B00425CBD /* ZYCateTableViewController.m */,
			);
			path = Controller;
			sourceTree = "<group>";
		};
		040D7F4B1D8113DC002C5AB4 /* Model */ = {
			isa = PBXGroup;
			children = (
			);
			path = Model;
			sourceTree = "<group>";
		};
		040D7F4C1D8113DC002C5AB4 /* Views */ = {
			isa = PBXGroup;
			children = (
				04EC4D8D1D8126B100425CBD /* ZYCourseNavBarView.h */,
				04EC4D8E1D8126B100425CBD /* ZYCourseNavBarView.m */,
			);
			path = Views;
			sourceTree = "<group>";
		};
		040D7F4D1D8113DC002C5AB4 /* Download */ = {
			isa = PBXGroup;
			children = (
				040D7F4E1D8113DC002C5AB4 /* Controller */,
				040D7F4F1D8113DC002C5AB4 /* Model */,
				040D7F501D8113DC002C5AB4 /* Views */,
			);
			path = Download;
			sourceTree = "<group>";
		};
		040D7F4E1D8113DC002C5AB4 /* Controller */ = {
			isa = PBXGroup;
			children = (
				04EC4D8A1D811DE000425CBD /* ZYDownLoadViewController.h */,
				04EC4D8B1D811DE000425CBD /* ZYDownLoadViewController.m */,
			);
			path = Controller;
			sourceTree = "<group>";
		};
		040D7F4F1D8113DC002C5AB4 /* Model */ = {
			isa = PBXGroup;
			children = (
			);
			path = Model;
			sourceTree = "<group>";
		};
		040D7F501D8113DC002C5AB4 /* Views */ = {
			isa = PBXGroup;
			children = (
			);
			path = Views;
			sourceTree = "<group>";
		};
		040D7F591D8113DC002C5AB4 /* Mine */ = {
			isa = PBXGroup;
			children = (
				040D7F5A1D8113DC002C5AB4 /* Controller */,
				040D7F5B1D8113DC002C5AB4 /* Model */,
				040D7F5C1D8113DC002C5AB4 /* Views */,
			);
			path = Mine;
			sourceTree = "<group>";
		};
		040D7F5A1D8113DC002C5AB4 /* Controller */ = {
			isa = PBXGroup;
			children = (
				04EC4D871D811D7800425CBD /* ZYMineViewController.h */,
				04EC4D881D811D7800425CBD /* ZYMineViewController.m */,
			);
			path = Controller;
			sourceTree = "<group>";
		};
		040D7F5B1D8113DC002C5AB4 /* Model */ = {
			isa = PBXGroup;
			children = (
			);
			path = Model;
			sourceTree = "<group>";
		};
		040D7F5C1D8113DC002C5AB4 /* Views */ = {
			isa = PBXGroup;
			children = (
			);
			path = Views;
			sourceTree = "<group>";
		};
		040D7F5D1D8113DC002C5AB4 /* Others */ = {
			isa = PBXGroup;
			children = (
				04EC4D831D81190600425CBD /* PrefixHeader.pch */,
				040D7F6B1D811484002C5AB4 /* Cateroy */,
				040D7F6C1D811484002C5AB4 /* ExtensionSDK */,
				040D7F5E1D8113DC002C5AB4 /* AppDelegate.h */,
				040D7F5F1D8113DC002C5AB4 /* AppDelegate.m */,
				040D7F601D8113DC002C5AB4 /* Assets.xcassets */,
				040D7F611D8113DC002C5AB4 /* LaunchScreen.storyboard */,
				040D7F631D8113DC002C5AB4 /* Main.storyboard */,
			);
			path = Others;
			sourceTree = "<group>";
		};
		040D7F6B1D811484002C5AB4 /* Cateroy */ = {
			isa = PBXGroup;
			children = (
			);
			path = Cateroy;
			sourceTree = "<group>";
		};
		040D7F6C1D811484002C5AB4 /* ExtensionSDK */ = {
			isa = PBXGroup;
			children = (
				040D7F6D1D81149B002C5AB4 /* UIImage+Image.h */,
				040D7F6E1D81149B002C5AB4 /* UIImage+Image.m */,
				040D7F701D8114B0002C5AB4 /* UIColor+Hex.h */,
				040D7F711D8114B0002C5AB4 /* UIColor+Hex.m */,
			);
			path = ExtensionSDK;
			sourceTree = "<group>";
		};
		040D7F741D81161D002C5AB4 /* Main */ = {
			isa = PBXGroup;
			children = (
				040D7F751D81161D002C5AB4 /* Controller */,
				040D7F7A1D81161D002C5AB4 /* Model */,
				040D7F7B1D81161D002C5AB4 /* Views */,
			);
			name = Main;
			path = Download/Main;
			sourceTree = "<group>";
		};
		040D7F751D81161D002C5AB4 /* Controller */ = {
			isa = PBXGroup;
			children = (
				040D7F761D81161D002C5AB4 /* ZYNavigationController.h */,
				040D7F771D81161D002C5AB4 /* ZYNavigationController.m */,
				04EC4D801D81186F00425CBD /* ZYTabBarVc.h */,
				04EC4D811D81186F00425CBD /* ZYTabBarVc.m */,
			);
			path = Controller;
			sourceTree = "<group>";
		};
		040D7F7A1D81161D002C5AB4 /* Model */ = {
			isa = PBXGroup;
			children = (
			);
			path = Model;
			sourceTree = "<group>";
		};
		040D7F7B1D81161D002C5AB4 /* Views */ = {
			isa = PBXGroup;
			children = (
			);
			path = Views;
			sourceTree = "<group>";
		};
/* End PBXGroup section */

/* Begin PBXNativeTarget section */
		040D7F231D810351002C5AB4 /* BDzhuangke */ = {
			isa = PBXNativeTarget;
			buildConfigurationList = 040D7F3B1D810351002C5AB4 /* Build configuration list for PBXNativeTarget "BDzhuangke" */;
			buildPhases = (
				040D7F201D810351002C5AB4 /* Sources */,
				040D7F211D810351002C5AB4 /* Frameworks */,
				040D7F221D810351002C5AB4 /* Resources */,
			);
			buildRules = (
			);
			dependencies = (
			);
			name = BDzhuangke;
			productName = BDzhuangke;
			productReference = 040D7F241D810351002C5AB4 /* BDzhuangke.app */;
			productType = "com.apple.product-type.application";
		};
/* End PBXNativeTarget section */

/* Begin PBXProject section */
		040D7F1C1D810351002C5AB4 /* Project object */ = {
			isa = PBXProject;
			attributes = {
				LastUpgradeCheck = 0730;
				ORGANIZATIONNAME = mac;
				TargetAttributes = {
					040D7F231D810351002C5AB4 = {
						CreatedOnToolsVersion = 7.3.1;
					};
				};
			};
			buildConfigurationList = 040D7F1F1D810351002C5AB4 /* Build configuration list for PBXProject "BDzhuangke" */;
			compatibilityVersion = "Xcode 3.2";
			developmentRegion = English;
			hasScannedForEncodings = 0;
			knownRegions = (
				en,
				Base,
			);
			mainGroup = 040D7F1B1D810351002C5AB4;
			productRefGroup = 040D7F251D810351002C5AB4 /* Products */;
			projectDirPath = "";
			projectRoot = "";
			targets = (
				040D7F231D810351002C5AB4 /* BDzhuangke */,
			);
		};
/* End PBXProject section */

/* Begin PBXResourcesBuildPhase section */
		040D7F221D810351002C5AB4 /* Resources */ = {
			isa = PBXResourcesBuildPhase;
			buildActionMask = 2147483647;
			files = (
				040D7F6A1D8113DC002C5AB4 /* Main.storyboard in Resources */,
				040D7F681D8113DC002C5AB4 /* Assets.xcassets in Resources */,
				040D7F691D8113DC002C5AB4 /* LaunchScreen.storyboard in Resources */,
			);
			runOnlyForDeploymentPostprocessing = 0;
		};
/* End PBXResourcesBuildPhase section */

/* Begin PBXSourcesBuildPhase section */
		040D7F201D810351002C5AB4 /* Sources */ = {
			isa = PBXSourcesBuildPhase;
			buildActionMask = 2147483647;
			files = (
				04EC4D861D811D3B00425CBD /* ZYCateTableViewController.m in Sources */,
				040D7F291D810351002C5AB4 /* main.m in Sources */,
				040D7F721D8114B0002C5AB4 /* UIColor+Hex.m in Sources */,
				040D7F6F1D81149B002C5AB4 /* UIImage+Image.m in Sources */,
				04EC4D8F1D8126B100425CBD /* ZYCourseNavBarView.m in Sources */,
				04EC4D891D811D7800425CBD /* ZYMineViewController.m in Sources */,
				040D7F7C1D81161D002C5AB4 /* ZYNavigationController.m in Sources */,
				040D7F671D8113DC002C5AB4 /* AppDelegate.m in Sources */,
				04EC4D821D81186F00425CBD /* ZYTabBarVc.m in Sources */,
				04EC4D8C1D811DE000425CBD /* ZYDownLoadViewController.m in Sources */,
			);
			runOnlyForDeploymentPostprocessing = 0;
		};
/* End PBXSourcesBuildPhase section */

/* Begin PBXVariantGroup section */
		040D7F611D8113DC002C5AB4 /* LaunchScreen.storyboard */ = {
			isa = PBXVariantGroup;
			children = (
				040D7F621D8113DC002C5AB4 /* Base */,
			);
			name = LaunchScreen.storyboard;
			sourceTree = "<group>";
		};
		040D7F631D8113DC002C5AB4 /* Main.storyboard */ = {
			isa = PBXVariantGroup;
			children = (
				040D7F641D8113DC002C5AB4 /* Base */,
			);
			name = Main.storyboard;
			sourceTree = "<group>";
		};
/* End PBXVariantGroup section */

/* Begin XCBuildConfiguration section */
		040D7F391D810351002C5AB4 /* Debug */ = {
			isa = XCBuildConfiguration;
			buildSettings = {
				ALWAYS_SEARCH_USER_PATHS = NO;
				CLANG_ANALYZER_NONNULL = YES;
				CLANG_CXX_LANGUAGE_STANDARD = "gnu++0x";
				CLANG_CXX_LIBRARY = "libc++";
				CLANG_ENABLE_MODULES = YES;
				CLANG_ENABLE_OBJC_ARC = YES;
				CLANG_WARN_BOOL_CONVERSION = YES;
				CLANG_WARN_CONSTANT_CONVERSION = YES;
				CLANG_WARN_DIRECT_OBJC_ISA_USAGE = YES_ERROR;
				CLANG_WARN_EMPTY_BODY = YES;
				CLANG_WARN_ENUM_CONVERSION = YES;
				CLANG_WARN_INT_CONVERSION = YES;
				CLANG_WARN_OBJC_ROOT_CLASS = YES_ERROR;
				CLANG_WARN_UNREACHABLE_CODE = YES;
				CLANG_WARN__DUPLICATE_METHOD_MATCH = YES;
				"CODE_SIGN_IDENTITY[sdk=iphoneos*]" = "iPhone Developer";
				COPY_PHASE_STRIP = NO;
				DEBUG_INFORMATION_FORMAT = dwarf;
				ENABLE_STRICT_OBJC_MSGSEND = YES;
				ENABLE_TESTABILITY = YES;
				GCC_C_LANGUAGE_STANDARD = gnu99;
				GCC_DYNAMIC_NO_PIC = NO;
				GCC_NO_COMMON_BLOCKS = YES;
				GCC_OPTIMIZATION_LEVEL = 0;
				GCC_PREPROCESSOR_DEFINITIONS = (
					"DEBUG=1",
					"$(inherited)",
				);
				GCC_WARN_64_TO_32_BIT_CONVERSION = YES;
				GCC_WARN_ABOUT_RETURN_TYPE = YES_ERROR;
				GCC_WARN_UNDECLARED_SELECTOR = YES;
				GCC_WARN_UNINITIALIZED_AUTOS = YES_AGGRESSIVE;
				GCC_WARN_UNUSED_FUNCTION = YES;
				GCC_WARN_UNUSED_VARIABLE = YES;
				IPHONEOS_DEPLOYMENT_TARGET = 9.3;
				MTL_ENABLE_DEBUG_INFO = YES;
				ONLY_ACTIVE_ARCH = YES;
				SDKROOT = iphoneos;
				TARGETED_DEVICE_FAMILY = "1,2";
			};
			name = Debug;
		};
		040D7F3A1D810351002C5AB4 /* Release */ = {
			isa = XCBuildConfiguration;
			buildSettings = {
				ALWAYS_SEARCH_USER_PATHS = NO;
				CLANG_ANALYZER_NONNULL = YES;
				CLANG_CXX_LANGUAGE_STANDARD = "gnu++0x";
				CLANG_CXX_LIBRARY = "libc++";
				CLANG_ENABLE_MODULES = YES;
				CLANG_ENABLE_OBJC_ARC = YES;
				CLANG_WARN_BOOL_CONVERSION = YES;
				CLANG_WARN_CONSTANT_CONVERSION = YES;
				CLANG_WARN_DIRECT_OBJC_ISA_USAGE = YES_ERROR;
				CLANG_WARN_EMPTY_BODY = YES;
				CLANG_WARN_ENUM_CONVERSION = YES;
				CLANG_WARN_INT_CONVERSION = YES;
				CLANG_WARN_OBJC_ROOT_CLASS = YES_ERROR;
				CLANG_WARN_UNREACHABLE_CODE = YES;
				CLANG_WARN__DUPLICATE_METHOD_MATCH = YES;
				"CODE_SIGN_IDENTITY[sdk=iphoneos*]" = "iPhone Developer";
				COPY_PHASE_STRIP = NO;
				DEBUG_INFORMATION_FORMAT = "dwarf-with-dsym";
				ENABLE_NS_ASSERTIONS = NO;
				ENABLE_STRICT_OBJC_MSGSEND = YES;
				GCC_C_LANGUAGE_STANDARD = gnu99;
				GCC_NO_COMMON_BLOCKS = YES;
				GCC_WARN_64_TO_32_BIT_CONVERSION = YES;
				GCC_WARN_ABOUT_RETURN_TYPE = YES_ERROR;
				GCC_WARN_UNDECLARED_SELECTOR = YES;
				GCC_WARN_UNINITIALIZED_AUTOS = YES_AGGRESSIVE;
				GCC_WARN_UNUSED_FUNCTION = YES;
				GCC_WARN_UNUSED_VARIABLE = YES;
				IPHONEOS_DEPLOYMENT_TARGET = 9.3;
				MTL_ENABLE_DEBUG_INFO = NO;
				SDKROOT = iphoneos;
				TARGETED_DEVICE_FAMILY = "1,2";
				VALIDATE_PRODUCT = YES;
			};
			name = Release;
		};
		040D7F3C1D810351002C5AB4 /* Debug */ = {
			isa = XCBuildConfiguration;
			buildSettings = {
				ASSETCATALOG_COMPILER_APPICON_NAME = AppIcon;
				ASSETCATALOG_COMPILER_LAUNCHIMAGE_NAME = LaunchImage;
				CODE_SIGN_IDENTITY = "iPhone Developer";
				GCC_PREFIX_HEADER = BDzhuangke/Classes/Others/PrefixHeader.pch;
				INFOPLIST_FILE = BDzhuangke/Info.plist;
				IPHONEOS_DEPLOYMENT_TARGET = 8.0;
				LD_RUNPATH_SEARCH_PATHS = "$(inherited) @executable_path/Frameworks";
				PRODUCT_BUNDLE_IDENTIFIER = zhengyang.BDzhuangke;
				PRODUCT_NAME = "$(TARGET_NAME)";
				TARGETED_DEVICE_FAMILY = 1;
			};
			name = Debug;
		};
		040D7F3D1D810351002C5AB4 /* Release */ = {
			isa = XCBuildConfiguration;
			buildSettings = {
				ASSETCATALOG_COMPILER_APPICON_NAME = AppIcon;
				ASSETCATALOG_COMPILER_LAUNCHIMAGE_NAME = LaunchImage;
				CODE_SIGN_IDENTITY = "iPhone Developer";
				GCC_PREFIX_HEADER = BDzhuangke/Classes/Others/PrefixHeader.pch;
				INFOPLIST_FILE = BDzhuangke/Info.plist;
				IPHONEOS_DEPLOYMENT_TARGET = 8.0;
				LD_RUNPATH_SEARCH_PATHS = "$(inherited) @executable_path/Frameworks";
				PRODUCT_BUNDLE_IDENTIFIER = zhengyang.BDzhuangke;
				PRODUCT_NAME = "$(TARGET_NAME)";
				TARGETED_DEVICE_FAMILY = 1;
			};
			name = Release;
		};
/* End XCBuildConfiguration section */

/* Begin XCConfigurationList section */
		040D7F1F1D810351002C5AB4 /* Build configuration list for PBXProject "BDzhuangke" */ = {
			isa = XCConfigurationList;
			buildConfigurations = (
				040D7F391D810351002C5AB4 /* Debug */,
				040D7F3A1D810351002C5AB4 /* Release */,
			);
			defaultConfigurationIsVisible = 0;
			defaultConfigurationName = Release;
		};
		040D7F3B1D810351002C5AB4 /* Build configuration list for PBXNativeTarget "BDzhuangke" */ = {
			isa = XCConfigurationList;
			buildConfigurations = (
				040D7F3C1D810351002C5AB4 /* Debug */,
				040D7F3D1D810351002C5AB4 /* Release */,
			);
			defaultConfigurationIsVisible = 0;
			defaultConfigurationName = Release;
		};
/* End XCConfigurationList section */
	};
	rootObject = 040D7F1C1D810351002C5AB4 /* Project object */;
}
